// !$*UTF8*$!
{
	archiveVersion = 1;
	classes = {
	};
	objectVersion = 55;
	objects = {

/* Begin PBXBuildFile section */
		115085F2DC30752A31AA3842 /* Util.framework in Frameworks */ = {isa = PBXBuildFile; fileRef = 96A89F63484351F7FF4807DA /* Util.framework */; platformFilter = ios; };
		2C0BD6542A37003200681FB6 /* SearchUserRouter.swift in Sources */ = {isa = PBXBuildFile; fileRef = 2C0BD6502A37003200681FB6 /* SearchUserRouter.swift */; };
		2C0BD6552A37003200681FB6 /* SearchUserViewController.swift in Sources */ = {isa = PBXBuildFile; fileRef = 2C0BD6512A37003200681FB6 /* SearchUserViewController.swift */; };
		2C0BD6562A37003200681FB6 /* SearchUserBuilder.swift in Sources */ = {isa = PBXBuildFile; fileRef = 2C0BD6522A37003200681FB6 /* SearchUserBuilder.swift */; };
		2C0BD6572A37003200681FB6 /* SearchUserInteractor.swift in Sources */ = {isa = PBXBuildFile; fileRef = 2C0BD6532A37003200681FB6 /* SearchUserInteractor.swift */; };
		2C0BD65D2A37004E00681FB6 /* SearchBrandRouter.swift in Sources */ = {isa = PBXBuildFile; fileRef = 2C0BD6592A37004E00681FB6 /* SearchBrandRouter.swift */; };
		2C0BD65E2A37004E00681FB6 /* SearchBrandViewController.swift in Sources */ = {isa = PBXBuildFile; fileRef = 2C0BD65A2A37004E00681FB6 /* SearchBrandViewController.swift */; };
		2C0BD65F2A37004E00681FB6 /* SearchBrandBuilder.swift in Sources */ = {isa = PBXBuildFile; fileRef = 2C0BD65B2A37004E00681FB6 /* SearchBrandBuilder.swift */; };
		2C0BD6602A37004E00681FB6 /* SearchBrandInteractor.swift in Sources */ = {isa = PBXBuildFile; fileRef = 2C0BD65C2A37004E00681FB6 /* SearchBrandInteractor.swift */; };
		2C0BD6652A37005900681FB6 /* SearchProductRouter.swift in Sources */ = {isa = PBXBuildFile; fileRef = 2C0BD6612A37005900681FB6 /* SearchProductRouter.swift */; };
		2C0BD6662A37005900681FB6 /* SearchProductViewController.swift in Sources */ = {isa = PBXBuildFile; fileRef = 2C0BD6622A37005900681FB6 /* SearchProductViewController.swift */; };
		2C0BD6672A37005900681FB6 /* SearchProductBuilder.swift in Sources */ = {isa = PBXBuildFile; fileRef = 2C0BD6632A37005900681FB6 /* SearchProductBuilder.swift */; };
		2C0BD6682A37005900681FB6 /* SearchProductInteractor.swift in Sources */ = {isa = PBXBuildFile; fileRef = 2C0BD6642A37005900681FB6 /* SearchProductInteractor.swift */; };
		2C0BD66D2A37007B00681FB6 /* SearchPhotoRouter.swift in Sources */ = {isa = PBXBuildFile; fileRef = 2C0BD6692A37007B00681FB6 /* SearchPhotoRouter.swift */; };
		2C0BD66E2A37007B00681FB6 /* SearchPhotoViewController.swift in Sources */ = {isa = PBXBuildFile; fileRef = 2C0BD66A2A37007B00681FB6 /* SearchPhotoViewController.swift */; };
		2C0BD66F2A37007B00681FB6 /* SearchPhotoBuilder.swift in Sources */ = {isa = PBXBuildFile; fileRef = 2C0BD66B2A37007B00681FB6 /* SearchPhotoBuilder.swift */; };
		2C0BD6702A37007B00681FB6 /* SearchPhotoInteractor.swift in Sources */ = {isa = PBXBuildFile; fileRef = 2C0BD66C2A37007B00681FB6 /* SearchPhotoInteractor.swift */; };
		2C1D12CD2A36740B00A2C7EB /* SearchResultRouter.swift in Sources */ = {isa = PBXBuildFile; fileRef = 2C1D12C92A36740B00A2C7EB /* SearchResultRouter.swift */; };
		2C1D12CE2A36740B00A2C7EB /* SearchResultViewController.swift in Sources */ = {isa = PBXBuildFile; fileRef = 2C1D12CA2A36740B00A2C7EB /* SearchResultViewController.swift */; };
		2C1D12CF2A36740B00A2C7EB /* SearchResultBuilder.swift in Sources */ = {isa = PBXBuildFile; fileRef = 2C1D12CB2A36740B00A2C7EB /* SearchResultBuilder.swift */; };
		2C1D12D02A36740B00A2C7EB /* SearchResultInteractor.swift in Sources */ = {isa = PBXBuildFile; fileRef = 2C1D12CC2A36740B00A2C7EB /* SearchResultInteractor.swift */; };
		3673F135729326EE0064436C /* SearchInteractor.swift in Sources */ = {isa = PBXBuildFile; fileRef = 419087690FD5ED809475BCA6 /* SearchInteractor.swift */; };
		535F539A53EA64793498B200 /* CommonUI.framework in Frameworks */ = {isa = PBXBuildFile; fileRef = 7BE09AA7D522F3545086BE5D /* CommonUI.framework */; platformFilter = ios; };
		6D922AC26BB63FFDD9BB6960 /* SearchRouter.swift in Sources */ = {isa = PBXBuildFile; fileRef = 400F24713D8A84B16827032E /* SearchRouter.swift */; };
		88D874BEEA4169CD598264B3 /* SearchBuilder.swift in Sources */ = {isa = PBXBuildFile; fileRef = 0547A521CAE2E81914EFEFDC /* SearchBuilder.swift */; };
		98C5AD0B519509658CFCCABF /* SearchViewController.swift in Sources */ = {isa = PBXBuildFile; fileRef = 69E55981027264EFBA638C42 /* SearchViewController.swift */; };
		B8C95EC645CD35D1387E505D /* Networking.framework in Frameworks */ = {isa = PBXBuildFile; fileRef = 35D44BC270230E934BFEBC8E /* Networking.framework */; platformFilter = ios; };
/* End PBXBuildFile section */

/* Begin PBXCopyFilesBuildPhase section */
		877F936C57E9C46C94BF2D4D /* Embed Frameworks */ = {
			isa = PBXCopyFilesBuildPhase;
			buildActionMask = 2147483647;
			dstPath = "";
			dstSubfolderSpec = 10;
			files = (
			);
			name = "Embed Frameworks";
			runOnlyForDeploymentPostprocessing = 0;
		};
/* End PBXCopyFilesBuildPhase section */

/* Begin PBXFileReference section */
		0547A521CAE2E81914EFEFDC /* SearchBuilder.swift */ = {isa = PBXFileReference; lastKnownFileType = sourcecode.swift; path = SearchBuilder.swift; sourceTree = "<group>"; };
		2C0BD6502A37003200681FB6 /* SearchUserRouter.swift */ = {isa = PBXFileReference; lastKnownFileType = sourcecode.swift; path = SearchUserRouter.swift; sourceTree = "<group>"; };
		2C0BD6512A37003200681FB6 /* SearchUserViewController.swift */ = {isa = PBXFileReference; lastKnownFileType = sourcecode.swift; path = SearchUserViewController.swift; sourceTree = "<group>"; };
		2C0BD6522A37003200681FB6 /* SearchUserBuilder.swift */ = {isa = PBXFileReference; lastKnownFileType = sourcecode.swift; path = SearchUserBuilder.swift; sourceTree = "<group>"; };
		2C0BD6532A37003200681FB6 /* SearchUserInteractor.swift */ = {isa = PBXFileReference; lastKnownFileType = sourcecode.swift; path = SearchUserInteractor.swift; sourceTree = "<group>"; };
		2C0BD6592A37004E00681FB6 /* SearchBrandRouter.swift */ = {isa = PBXFileReference; lastKnownFileType = sourcecode.swift; path = SearchBrandRouter.swift; sourceTree = "<group>"; };
		2C0BD65A2A37004E00681FB6 /* SearchBrandViewController.swift */ = {isa = PBXFileReference; lastKnownFileType = sourcecode.swift; path = SearchBrandViewController.swift; sourceTree = "<group>"; };
		2C0BD65B2A37004E00681FB6 /* SearchBrandBuilder.swift */ = {isa = PBXFileReference; lastKnownFileType = sourcecode.swift; path = SearchBrandBuilder.swift; sourceTree = "<group>"; };
		2C0BD65C2A37004E00681FB6 /* SearchBrandInteractor.swift */ = {isa = PBXFileReference; lastKnownFileType = sourcecode.swift; path = SearchBrandInteractor.swift; sourceTree = "<group>"; };
		2C0BD6612A37005900681FB6 /* SearchProductRouter.swift */ = {isa = PBXFileReference; lastKnownFileType = sourcecode.swift; path = SearchProductRouter.swift; sourceTree = "<group>"; };
		2C0BD6622A37005900681FB6 /* SearchProductViewController.swift */ = {isa = PBXFileReference; lastKnownFileType = sourcecode.swift; path = SearchProductViewController.swift; sourceTree = "<group>"; };
		2C0BD6632A37005900681FB6 /* SearchProductBuilder.swift */ = {isa = PBXFileReference; lastKnownFileType = sourcecode.swift; path = SearchProductBuilder.swift; sourceTree = "<group>"; };
		2C0BD6642A37005900681FB6 /* SearchProductInteractor.swift */ = {isa = PBXFileReference; lastKnownFileType = sourcecode.swift; path = SearchProductInteractor.swift; sourceTree = "<group>"; };
		2C0BD6692A37007B00681FB6 /* SearchPhotoRouter.swift */ = {isa = PBXFileReference; lastKnownFileType = sourcecode.swift; path = SearchPhotoRouter.swift; sourceTree = "<group>"; };
		2C0BD66A2A37007B00681FB6 /* SearchPhotoViewController.swift */ = {isa = PBXFileReference; lastKnownFileType = sourcecode.swift; path = SearchPhotoViewController.swift; sourceTree = "<group>"; };
		2C0BD66B2A37007B00681FB6 /* SearchPhotoBuilder.swift */ = {isa = PBXFileReference; lastKnownFileType = sourcecode.swift; path = SearchPhotoBuilder.swift; sourceTree = "<group>"; };
		2C0BD66C2A37007B00681FB6 /* SearchPhotoInteractor.swift */ = {isa = PBXFileReference; lastKnownFileType = sourcecode.swift; path = SearchPhotoInteractor.swift; sourceTree = "<group>"; };
		2C1D12C92A36740B00A2C7EB /* SearchResultRouter.swift */ = {isa = PBXFileReference; lastKnownFileType = sourcecode.swift; path = SearchResultRouter.swift; sourceTree = "<group>"; };
		2C1D12CA2A36740B00A2C7EB /* SearchResultViewController.swift */ = {isa = PBXFileReference; lastKnownFileType = sourcecode.swift; path = SearchResultViewController.swift; sourceTree = "<group>"; };
		2C1D12CB2A36740B00A2C7EB /* SearchResultBuilder.swift */ = {isa = PBXFileReference; lastKnownFileType = sourcecode.swift; path = SearchResultBuilder.swift; sourceTree = "<group>"; };
		2C1D12CC2A36740B00A2C7EB /* SearchResultInteractor.swift */ = {isa = PBXFileReference; lastKnownFileType = sourcecode.swift; path = SearchResultInteractor.swift; sourceTree = "<group>"; };
		35D44BC270230E934BFEBC8E /* Networking.framework */ = {isa = PBXFileReference; explicitFileType = wrapper.framework; includeInIndex = 0; path = Networking.framework; sourceTree = BUILT_PRODUCTS_DIR; };
		400F24713D8A84B16827032E /* SearchRouter.swift */ = {isa = PBXFileReference; lastKnownFileType = sourcecode.swift; path = SearchRouter.swift; sourceTree = "<group>"; };
		419087690FD5ED809475BCA6 /* SearchInteractor.swift */ = {isa = PBXFileReference; lastKnownFileType = sourcecode.swift; path = SearchInteractor.swift; sourceTree = "<group>"; };
		47506C2B8CF716A0AD1E9198 /* Search-Info.plist */ = {isa = PBXFileReference; lastKnownFileType = text.plist; path = "Search-Info.plist"; sourceTree = "<group>"; };
		69E55981027264EFBA638C42 /* SearchViewController.swift */ = {isa = PBXFileReference; lastKnownFileType = sourcecode.swift; path = SearchViewController.swift; sourceTree = "<group>"; };
		7BE09AA7D522F3545086BE5D /* CommonUI.framework */ = {isa = PBXFileReference; explicitFileType = wrapper.framework; includeInIndex = 0; path = CommonUI.framework; sourceTree = BUILT_PRODUCTS_DIR; };
		96A89F63484351F7FF4807DA /* Util.framework */ = {isa = PBXFileReference; explicitFileType = wrapper.framework; includeInIndex = 0; path = Util.framework; sourceTree = BUILT_PRODUCTS_DIR; };
		DCEA3ABCBA70F49C90FFC61F /* Search.framework */ = {isa = PBXFileReference; explicitFileType = wrapper.framework; includeInIndex = 0; path = Search.framework; sourceTree = BUILT_PRODUCTS_DIR; };
/* End PBXFileReference section */

/* Begin PBXFrameworksBuildPhase section */
		FB04F59C6B6FFF4627367441 /* Frameworks */ = {
			isa = PBXFrameworksBuildPhase;
			buildActionMask = 2147483647;
			files = (
				535F539A53EA64793498B200 /* CommonUI.framework in Frameworks */,
				B8C95EC645CD35D1387E505D /* Networking.framework in Frameworks */,
				115085F2DC30752A31AA3842 /* Util.framework in Frameworks */,
			);
			runOnlyForDeploymentPostprocessing = 0;
		};
/* End PBXFrameworksBuildPhase section */

/* Begin PBXGroup section */
		092B684217D797260BE40BBB /* Project */ = {
			isa = PBXGroup;
			children = (
				854023328EC09B4DB800D64A /* Derived */,
				F71AEF5F9FDF9F2A91959397 /* Sources */,
			);
			name = Project;
			sourceTree = "<group>";
		};
		2C0BD64C2A37000B00681FB6 /* SearchPhoto */ = {
			isa = PBXGroup;
			children = (
				2C0BD6692A37007B00681FB6 /* SearchPhotoRouter.swift */,
				2C0BD66A2A37007B00681FB6 /* SearchPhotoViewController.swift */,
				2C0BD66B2A37007B00681FB6 /* SearchPhotoBuilder.swift */,
				2C0BD66C2A37007B00681FB6 /* SearchPhotoInteractor.swift */,
			);
			path = SearchPhoto;
			sourceTree = "<group>";
		};
		2C0BD64D2A37001500681FB6 /* SearchProduct */ = {
			isa = PBXGroup;
			children = (
				2C0BD6612A37005900681FB6 /* SearchProductRouter.swift */,
				2C0BD6622A37005900681FB6 /* SearchProductViewController.swift */,
				2C0BD6632A37005900681FB6 /* SearchProductBuilder.swift */,
				2C0BD6642A37005900681FB6 /* SearchProductInteractor.swift */,
			);
			path = SearchProduct;
			sourceTree = "<group>";
		};
		2C0BD64E2A37001B00681FB6 /* SearchBrand */ = {
			isa = PBXGroup;
			children = (
				2C0BD6592A37004E00681FB6 /* SearchBrandRouter.swift */,
				2C0BD65A2A37004E00681FB6 /* SearchBrandViewController.swift */,
				2C0BD65B2A37004E00681FB6 /* SearchBrandBuilder.swift */,
				2C0BD65C2A37004E00681FB6 /* SearchBrandInteractor.swift */,
			);
			path = SearchBrand;
			sourceTree = "<group>";
		};
		2C0BD64F2A37002200681FB6 /* SearchUser */ = {
			isa = PBXGroup;
			children = (
				2C0BD6502A37003200681FB6 /* SearchUserRouter.swift */,
				2C0BD6512A37003200681FB6 /* SearchUserViewController.swift */,
				2C0BD6522A37003200681FB6 /* SearchUserBuilder.swift */,
				2C0BD6532A37003200681FB6 /* SearchUserInteractor.swift */,
			);
			path = SearchUser;
			sourceTree = "<group>";
		};
		2C1D12C82A3673FD00A2C7EB /* SearchResult */ = {
			isa = PBXGroup;
			children = (
				2C0BD64F2A37002200681FB6 /* SearchUser */,
				2C0BD64E2A37001B00681FB6 /* SearchBrand */,
				2C0BD64D2A37001500681FB6 /* SearchProduct */,
				2C0BD64C2A37000B00681FB6 /* SearchPhoto */,
				2C1D12C92A36740B00A2C7EB /* SearchResultRouter.swift */,
				2C1D12CA2A36740B00A2C7EB /* SearchResultViewController.swift */,
				2C1D12CB2A36740B00A2C7EB /* SearchResultBuilder.swift */,
				2C1D12CC2A36740B00A2C7EB /* SearchResultInteractor.swift */,
			);
			path = SearchResult;
			sourceTree = "<group>";
		};
		854023328EC09B4DB800D64A /* Derived */ = {
			isa = PBXGroup;
			children = (
				AC15BCAE73B741CFE572E836 /* InfoPlists */,
			);
			path = Derived;
			sourceTree = "<group>";
		};
		A265AAF9885BC77A31761249 = {
			isa = PBXGroup;
			children = (
				092B684217D797260BE40BBB /* Project */,
				D2C1A0B8FDE16C1C3F641587 /* Frameworks */,
				BEF3F41E9B860D2AF6E4FE8E /* Products */,
			);
			sourceTree = "<group>";
		};
		AC15BCAE73B741CFE572E836 /* InfoPlists */ = {
			isa = PBXGroup;
			children = (
				47506C2B8CF716A0AD1E9198 /* Search-Info.plist */,
			);
			path = InfoPlists;
			sourceTree = "<group>";
		};
		BEF3F41E9B860D2AF6E4FE8E /* Products */ = {
			isa = PBXGroup;
			children = (
				7BE09AA7D522F3545086BE5D /* CommonUI.framework */,
				35D44BC270230E934BFEBC8E /* Networking.framework */,
				DCEA3ABCBA70F49C90FFC61F /* Search.framework */,
				96A89F63484351F7FF4807DA /* Util.framework */,
			);
			name = Products;
			sourceTree = "<group>";
		};
		D2C1A0B8FDE16C1C3F641587 /* Frameworks */ = {
			isa = PBXGroup;
			children = (
			);
			name = Frameworks;
			sourceTree = "<group>";
		};
		F71AEF5F9FDF9F2A91959397 /* Sources */ = {
			isa = PBXGroup;
			children = (
				2C1D12C82A3673FD00A2C7EB /* SearchResult */,
				0547A521CAE2E81914EFEFDC /* SearchBuilder.swift */,
				419087690FD5ED809475BCA6 /* SearchInteractor.swift */,
				400F24713D8A84B16827032E /* SearchRouter.swift */,
				69E55981027264EFBA638C42 /* SearchViewController.swift */,
			);
			path = Sources;
			sourceTree = "<group>";
		};
/* End PBXGroup section */

/* Begin PBXNativeTarget section */
		C8340F58B0B1AD7EA1B1F833 /* Search */ = {
			isa = PBXNativeTarget;
			buildConfigurationList = 7959414547E0A4954D52B231 /* Build configuration list for PBXNativeTarget "Search" */;
			buildPhases = (
				435B521C004F6947D667BECF /* Sources */,
				9C5ABED26914D47B4B506F60 /* Resources */,
				877F936C57E9C46C94BF2D4D /* Embed Frameworks */,
				FB04F59C6B6FFF4627367441 /* Frameworks */,
			);
			buildRules = (
			);
			dependencies = (
			);
			name = Search;
			productName = Search;
			productReference = DCEA3ABCBA70F49C90FFC61F /* Search.framework */;
			productType = "com.apple.product-type.framework";
		};
/* End PBXNativeTarget section */

/* Begin PBXProject section */
		5A5799AE384BBD104247C169 /* Project object */ = {
			isa = PBXProject;
			attributes = {
			};
			buildConfigurationList = 731940972587373E5B45F8C7 /* Build configuration list for PBXProject "Search" */;
			compatibilityVersion = "Xcode 13.0";
			developmentRegion = en;
			hasScannedForEncodings = 0;
			knownRegions = (
				Base,
				en,
			);
			mainGroup = A265AAF9885BC77A31761249;
			productRefGroup = BEF3F41E9B860D2AF6E4FE8E /* Products */;
			projectDirPath = "";
			projectRoot = "";
			targets = (
				C8340F58B0B1AD7EA1B1F833 /* Search */,
			);
		};
/* End PBXProject section */

/* Begin PBXResourcesBuildPhase section */
		9C5ABED26914D47B4B506F60 /* Resources */ = {
			isa = PBXResourcesBuildPhase;
			buildActionMask = 2147483647;
			files = (
			);
			runOnlyForDeploymentPostprocessing = 0;
		};
/* End PBXResourcesBuildPhase section */

/* Begin PBXSourcesBuildPhase section */
		435B521C004F6947D667BECF /* Sources */ = {
			isa = PBXSourcesBuildPhase;
			buildActionMask = 2147483647;
			files = (
				2C1D12CF2A36740B00A2C7EB /* SearchResultBuilder.swift in Sources */,
				2C0BD6652A37005900681FB6 /* SearchProductRouter.swift in Sources */,
				88D874BEEA4169CD598264B3 /* SearchBuilder.swift in Sources */,
				2C0BD65E2A37004E00681FB6 /* SearchBrandViewController.swift in Sources */,
				3673F135729326EE0064436C /* SearchInteractor.swift in Sources */,
				2C0BD65F2A37004E00681FB6 /* SearchBrandBuilder.swift in Sources */,
				2C0BD6682A37005900681FB6 /* SearchProductInteractor.swift in Sources */,
				2C0BD66D2A37007B00681FB6 /* SearchPhotoRouter.swift in Sources */,
				2C0BD6662A37005900681FB6 /* SearchProductViewController.swift in Sources */,
				2C0BD6702A37007B00681FB6 /* SearchPhotoInteractor.swift in Sources */,
				6D922AC26BB63FFDD9BB6960 /* SearchRouter.swift in Sources */,
				98C5AD0B519509658CFCCABF /* SearchViewController.swift in Sources */,
				2C0BD66E2A37007B00681FB6 /* SearchPhotoViewController.swift in Sources */,
				2C1D12CE2A36740B00A2C7EB /* SearchResultViewController.swift in Sources */,
				2C0BD6542A37003200681FB6 /* SearchUserRouter.swift in Sources */,
				2C0BD6552A37003200681FB6 /* SearchUserViewController.swift in Sources */,
				2C0BD66F2A37007B00681FB6 /* SearchPhotoBuilder.swift in Sources */,
				2C1D12CD2A36740B00A2C7EB /* SearchResultRouter.swift in Sources */,
				2C0BD65D2A37004E00681FB6 /* SearchBrandRouter.swift in Sources */,
				2C0BD6572A37003200681FB6 /* SearchUserInteractor.swift in Sources */,
				2C0BD6562A37003200681FB6 /* SearchUserBuilder.swift in Sources */,
				2C0BD6602A37004E00681FB6 /* SearchBrandInteractor.swift in Sources */,
				2C0BD6672A37005900681FB6 /* SearchProductBuilder.swift in Sources */,
				2C1D12D02A36740B00A2C7EB /* SearchResultInteractor.swift in Sources */,
			);
			runOnlyForDeploymentPostprocessing = 0;
		};
/* End PBXSourcesBuildPhase section */

/* Begin XCBuildConfiguration section */
		4567E3C863E192E62025B73F /* Debug */ = {
			isa = XCBuildConfiguration;
			buildSettings = {
				ALWAYS_SEARCH_USER_PATHS = NO;
				CLANG_ANALYZER_LOCALIZABILITY_NONLOCALIZED = YES;
				CLANG_ANALYZER_NONNULL = YES;
				CLANG_ANALYZER_NUMBER_OBJECT_CONVERSION = YES_AGGRESSIVE;
				CLANG_CXX_LANGUAGE_STANDARD = "gnu++14";
				CLANG_CXX_LIBRARY = "libc++";
				CLANG_ENABLE_MODULES = YES;
				CLANG_ENABLE_OBJC_ARC = YES;
				CLANG_ENABLE_OBJC_WEAK = YES;
				CLANG_WARN_BLOCK_CAPTURE_AUTORELEASING = YES;
				CLANG_WARN_BOOL_CONVERSION = YES;
				CLANG_WARN_COMMA = YES;
				CLANG_WARN_CONSTANT_CONVERSION = YES;
				CLANG_WARN_DEPRECATED_OBJC_IMPLEMENTATIONS = YES;
				CLANG_WARN_DIRECT_OBJC_ISA_USAGE = YES_ERROR;
				CLANG_WARN_DOCUMENTATION_COMMENTS = YES;
				CLANG_WARN_EMPTY_BODY = YES;
				CLANG_WARN_ENUM_CONVERSION = YES;
				CLANG_WARN_INFINITE_RECURSION = YES;
				CLANG_WARN_INT_CONVERSION = YES;
				CLANG_WARN_NON_LITERAL_NULL_CONVERSION = YES;
				CLANG_WARN_OBJC_IMPLICIT_RETAIN_SELF = YES;
				CLANG_WARN_OBJC_LITERAL_CONVERSION = YES;
				CLANG_WARN_OBJC_ROOT_CLASS = YES_ERROR;
				CLANG_WARN_QUOTED_INCLUDE_IN_FRAMEWORK_HEADER = YES;
				CLANG_WARN_RANGE_LOOP_ANALYSIS = YES;
				CLANG_WARN_STRICT_PROTOTYPES = YES;
				CLANG_WARN_SUSPICIOUS_MOVE = YES;
				CLANG_WARN_UNGUARDED_AVAILABILITY = YES_AGGRESSIVE;
				CLANG_WARN_UNREACHABLE_CODE = YES;
				CLANG_WARN__DUPLICATE_METHOD_MATCH = YES;
				COPY_PHASE_STRIP = NO;
				DEAD_CODE_STRIPPING = YES;
				DEBUG_INFORMATION_FORMAT = dwarf;
				ENABLE_STRICT_OBJC_MSGSEND = YES;
				ENABLE_TESTABILITY = YES;
				GCC_C_LANGUAGE_STANDARD = gnu11;
				GCC_DYNAMIC_NO_PIC = NO;
				GCC_NO_COMMON_BLOCKS = YES;
				GCC_OPTIMIZATION_LEVEL = 0;
				GCC_PREPROCESSOR_DEFINITIONS = (
					"DEBUG=1",
					"$(inherited)",
				);
				GCC_WARN_64_TO_32_BIT_CONVERSION = YES;
				GCC_WARN_ABOUT_RETURN_TYPE = YES_ERROR;
				GCC_WARN_UNDECLARED_SELECTOR = YES;
				GCC_WARN_UNINITIALIZED_AUTOS = YES_AGGRESSIVE;
				GCC_WARN_UNUSED_FUNCTION = YES;
				GCC_WARN_UNUSED_VARIABLE = YES;
				MTL_ENABLE_DEBUG_INFO = YES;
				ONLY_ACTIVE_ARCH = YES;
				PRODUCT_NAME = "$(TARGET_NAME)";
			};
			name = Debug;
		};
		AFD799D827E89703D46A6588 /* Release */ = {
			isa = XCBuildConfiguration;
			buildSettings = {
				CODE_SIGN_IDENTITY = "";
				CURRENT_PROJECT_VERSION = 1;
				DEFINES_MODULE = YES;
				DEVELOPMENT_TEAM = VKGAQDGK5R;
				DYLIB_COMPATIBILITY_VERSION = 1;
				DYLIB_CURRENT_VERSION = 1;
				DYLIB_INSTALL_NAME_BASE = "@rpath";
				GCC_PREPROCESSOR_DEFINITIONS = "FLEXLAYOUT_SWIFT_PACKAGE=1";
				INFOPLIST_FILE = "Derived/InfoPlists/Search-Info.plist";
				INSTALL_PATH = "$(LOCAL_LIBRARY_DIR)/Frameworks";
				IPHONEOS_DEPLOYMENT_TARGET = 15.0;
				LD_RUNPATH_SEARCH_PATHS = (
					"$(inherited)",
					"@executable_path/Frameworks",
					"@loader_path/Frameworks",
				);
				PRODUCT_BUNDLE_IDENTIFIER = com.deco.ios.search;
				PRODUCT_NAME = Search;
				SDKROOT = iphoneos;
				SKIP_INSTALL = YES;
				SUPPORTS_MACCATALYST = NO;
				SUPPORTS_MAC_DESIGNED_FOR_IPHONE_IPAD = YES;
				SWIFT_COMPILATION_MODE = wholemodule;
				SWIFT_OPTIMIZATION_LEVEL = "-Owholemodule";
				SWIFT_VERSION = 5.0;
				TARGETED_DEVICE_FAMILY = 1;
				VERSIONING_SYSTEM = "apple-generic";
				VERSION_INFO_PREFIX = "";
			};
			name = Release;
		};
		CC9F1680F743330437B157DB /* Debug */ = {
			isa = XCBuildConfiguration;
			buildSettings = {
				CODE_SIGN_IDENTITY = "";
				CURRENT_PROJECT_VERSION = 1;
				DEFINES_MODULE = YES;
				DEVELOPMENT_TEAM = VKGAQDGK5R;
				DYLIB_COMPATIBILITY_VERSION = 1;
				DYLIB_CURRENT_VERSION = 1;
				DYLIB_INSTALL_NAME_BASE = "@rpath";
				GCC_PREPROCESSOR_DEFINITIONS = "FLEXLAYOUT_SWIFT_PACKAGE=1";
				INFOPLIST_FILE = "Derived/InfoPlists/Search-Info.plist";
				INSTALL_PATH = "$(LOCAL_LIBRARY_DIR)/Frameworks";
				IPHONEOS_DEPLOYMENT_TARGET = 15.0;
				LD_RUNPATH_SEARCH_PATHS = (
					"$(inherited)",
					"@executable_path/Frameworks",
					"@loader_path/Frameworks",
				);
				PRODUCT_BUNDLE_IDENTIFIER = com.deco.ios.search;
				PRODUCT_NAME = Search;
				SDKROOT = iphoneos;
				SKIP_INSTALL = YES;
				SUPPORTS_MACCATALYST = NO;
				SUPPORTS_MAC_DESIGNED_FOR_IPHONE_IPAD = YES;
				SWIFT_ACTIVE_COMPILATION_CONDITIONS = DEBUG;
				SWIFT_COMPILATION_MODE = singlefile;
				SWIFT_OPTIMIZATION_LEVEL = "-Onone";
				SWIFT_VERSION = 5.0;
				TARGETED_DEVICE_FAMILY = 1;
				VERSIONING_SYSTEM = "apple-generic";
				VERSION_INFO_PREFIX = "";
			};
			name = Debug;
		};
		E828B296DD1DDCBCD86B02E3 /* Release */ = {
			isa = XCBuildConfiguration;
			buildSettings = {
				ALWAYS_SEARCH_USER_PATHS = NO;
				CLANG_ANALYZER_LOCALIZABILITY_NONLOCALIZED = YES;
				CLANG_ANALYZER_NONNULL = YES;
				CLANG_ANALYZER_NUMBER_OBJECT_CONVERSION = YES_AGGRESSIVE;
				CLANG_CXX_LANGUAGE_STANDARD = "gnu++14";
				CLANG_CXX_LIBRARY = "libc++";
				CLANG_ENABLE_MODULES = YES;
				CLANG_ENABLE_OBJC_ARC = YES;
				CLANG_ENABLE_OBJC_WEAK = YES;
				CLANG_WARN_BLOCK_CAPTURE_AUTORELEASING = YES;
				CLANG_WARN_BOOL_CONVERSION = YES;
				CLANG_WARN_COMMA = YES;
				CLANG_WARN_CONSTANT_CONVERSION = YES;
				CLANG_WARN_DEPRECATED_OBJC_IMPLEMENTATIONS = YES;
				CLANG_WARN_DIRECT_OBJC_ISA_USAGE = YES_ERROR;
				CLANG_WARN_DOCUMENTATION_COMMENTS = YES;
				CLANG_WARN_EMPTY_BODY = YES;
				CLANG_WARN_ENUM_CONVERSION = YES;
				CLANG_WARN_INFINITE_RECURSION = YES;
				CLANG_WARN_INT_CONVERSION = YES;
				CLANG_WARN_NON_LITERAL_NULL_CONVERSION = YES;
				CLANG_WARN_OBJC_IMPLICIT_RETAIN_SELF = YES;
				CLANG_WARN_OBJC_LITERAL_CONVERSION = YES;
				CLANG_WARN_OBJC_ROOT_CLASS = YES_ERROR;
				CLANG_WARN_QUOTED_INCLUDE_IN_FRAMEWORK_HEADER = YES;
				CLANG_WARN_RANGE_LOOP_ANALYSIS = YES;
				CLANG_WARN_STRICT_PROTOTYPES = YES;
				CLANG_WARN_SUSPICIOUS_MOVE = YES;
				CLANG_WARN_UNGUARDED_AVAILABILITY = YES_AGGRESSIVE;
				CLANG_WARN_UNREACHABLE_CODE = YES;
				CLANG_WARN__DUPLICATE_METHOD_MATCH = YES;
				COPY_PHASE_STRIP = NO;
				DEAD_CODE_STRIPPING = YES;
				DEBUG_INFORMATION_FORMAT = "dwarf-with-dsym";
				ENABLE_NS_ASSERTIONS = NO;
				ENABLE_STRICT_OBJC_MSGSEND = YES;
				GCC_C_LANGUAGE_STANDARD = gnu11;
				GCC_NO_COMMON_BLOCKS = YES;
				GCC_WARN_64_TO_32_BIT_CONVERSION = YES;
				GCC_WARN_ABOUT_RETURN_TYPE = YES_ERROR;
				GCC_WARN_UNDECLARED_SELECTOR = YES;
				GCC_WARN_UNINITIALIZED_AUTOS = YES_AGGRESSIVE;
				GCC_WARN_UNUSED_FUNCTION = YES;
				GCC_WARN_UNUSED_VARIABLE = YES;
				MTL_ENABLE_DEBUG_INFO = NO;
				PRODUCT_NAME = "$(TARGET_NAME)";
				VALIDATE_PRODUCT = YES;
			};
			name = Release;
		};
/* End XCBuildConfiguration section */

/* Begin XCConfigurationList section */
		731940972587373E5B45F8C7 /* Build configuration list for PBXProject "Search" */ = {
			isa = XCConfigurationList;
			buildConfigurations = (
				4567E3C863E192E62025B73F /* Debug */,
				E828B296DD1DDCBCD86B02E3 /* Release */,
			);
			defaultConfigurationIsVisible = 0;
			defaultConfigurationName = Release;
		};
		7959414547E0A4954D52B231 /* Build configuration list for PBXNativeTarget "Search" */ = {
			isa = XCConfigurationList;
			buildConfigurations = (
				CC9F1680F743330437B157DB /* Debug */,
				AFD799D827E89703D46A6588 /* Release */,
			);
			defaultConfigurationIsVisible = 0;
			defaultConfigurationName = Release;
		};
/* End XCConfigurationList section */
	};
	rootObject = 5A5799AE384BBD104247C169 /* Project object */;
}
