// !$*UTF8*$!
{
	archiveVersion = 1;
	classes = {
	};
	objectVersion = 52;
	objects = {

/* Begin PBXBuildFile section */
		00FE57C7F58F07F066AB5244 /* Main.framework in Frameworks */ = {isa = PBXBuildFile; fileRef = FD23680AB7E061F92C3E315A /* Main.framework */; platformFilter = ios; };
		0501DD244E7145F91982FE46 /* AppRootRouter.swift in Sources */ = {isa = PBXBuildFile; fileRef = E61EB0154CEBAD1FA96E5290 /* AppRootRouter.swift */; };
		117AA82F3B71B2FB73140A60 /* Home.framework in Embed Frameworks */ = {isa = PBXBuildFile; fileRef = 23F3995B7E481C32B68A0DD2 /* Home.framework */; platformFilter = ios; settings = {ATTRIBUTES = (CodeSignOnCopy, RemoveHeadersOnCopy, ); }; };
		2757F0D732A5FF5D7861FB82 /* AppSetting.framework in Embed Frameworks */ = {isa = PBXBuildFile; fileRef = A267875193794B9E80FD77F1 /* AppSetting.framework */; platformFilter = ios; settings = {ATTRIBUTES = (CodeSignOnCopy, RemoveHeadersOnCopy, ); }; };
		2CD17D44FB4C1CCB9C3C0E1B /* Util.framework in Embed Frameworks */ = {isa = PBXBuildFile; fileRef = 49CD77C53DC92A1E666BAEA4 /* Util.framework */; platformFilter = ios; settings = {ATTRIBUTES = (CodeSignOnCopy, RemoveHeadersOnCopy, ); }; };
		3A049772C15648D1C826521C /* AppRootInteractor.swift in Sources */ = {isa = PBXBuildFile; fileRef = 41868A1039E1752591863AA6 /* AppRootInteractor.swift */; };
		41CF09C6F9A4820C1D57E0FD /* AppRootViewController.swift in Sources */ = {isa = PBXBuildFile; fileRef = 1F03EA36D8E99BA964DA7B7F /* AppRootViewController.swift */; };
		48A84178514D95E6A36E4A99 /* Comment.framework in Embed Frameworks */ = {isa = PBXBuildFile; fileRef = CD30CC6FCC4C7D10CF8BFBC9 /* Comment.framework */; platformFilter = ios; settings = {ATTRIBUTES = (CodeSignOnCopy, RemoveHeadersOnCopy, ); }; };
		4960B8A7F961BF20E13537C0 /* Profile.framework in Embed Frameworks */ = {isa = PBXBuildFile; fileRef = A725135C854EEFB23AF3AB6A /* Profile.framework */; platformFilter = ios; settings = {ATTRIBUTES = (CodeSignOnCopy, RemoveHeadersOnCopy, ); }; };
		581A33B43212873057D99EEE /* Bookmark.framework in Embed Frameworks */ = {isa = PBXBuildFile; fileRef = A5B4D8F684E82A042DDC7B8A /* Bookmark.framework */; platformFilter = ios; settings = {ATTRIBUTES = (CodeSignOnCopy, RemoveHeadersOnCopy, ); }; };
		581F0714A822625CC2ADE988 /* ProductDetail.framework in Embed Frameworks */ = {isa = PBXBuildFile; fileRef = 7E3025CA5F111238B6D4E1C1 /* ProductDetail.framework */; platformFilter = ios; settings = {ATTRIBUTES = (CodeSignOnCopy, RemoveHeadersOnCopy, ); }; };
		6ABD43ADEA446D2AE1E006AE /* AppDelegate.swift in Sources */ = {isa = PBXBuildFile; fileRef = B41ACEE68352FF01E741559F /* AppDelegate.swift */; };
		87C12D7181027F947E754013 /* Entity.framework in Embed Frameworks */ = {isa = PBXBuildFile; fileRef = AAA9A2B96B820652C5C3709F /* Entity.framework */; platformFilter = ios; settings = {ATTRIBUTES = (CodeSignOnCopy, RemoveHeadersOnCopy, ); }; };
		8F19340628289441D324807E /* Search.framework in Embed Frameworks */ = {isa = PBXBuildFile; fileRef = E8069646662AA08962528F4C /* Search.framework */; platformFilter = ios; settings = {ATTRIBUTES = (CodeSignOnCopy, RemoveHeadersOnCopy, ); }; };
		A4945E8D9D2D52B4B29ED6BF /* Networking.framework in Embed Frameworks */ = {isa = PBXBuildFile; fileRef = 34E89B21C2E11C1DE9D11C24 /* Networking.framework */; platformFilter = ios; settings = {ATTRIBUTES = (CodeSignOnCopy, RemoveHeadersOnCopy, ); }; };
		B8E941A134C8B8076666919F /* AppComponent.swift in Sources */ = {isa = PBXBuildFile; fileRef = E9555C4DC9DBE2E005B175B0 /* AppComponent.swift */; };
		C0884C8F3D34D048AB9EAF0F /* Main.framework in Embed Frameworks */ = {isa = PBXBuildFile; fileRef = FD23680AB7E061F92C3E315A /* Main.framework */; platformFilter = ios; settings = {ATTRIBUTES = (CodeSignOnCopy, RemoveHeadersOnCopy, ); }; };
		C416EFC9BE0DC2641E36B0DC /* Product.framework in Embed Frameworks */ = {isa = PBXBuildFile; fileRef = 9C0AA6775D47E87C6A8D48C1 /* Product.framework */; platformFilter = ios; settings = {ATTRIBUTES = (CodeSignOnCopy, RemoveHeadersOnCopy, ); }; };
		C7A76AC17E6309403D3649DF /* User.framework in Embed Frameworks */ = {isa = PBXBuildFile; fileRef = 139AA4720838D21F6953CFB0 /* User.framework */; platformFilter = ios; settings = {ATTRIBUTES = (CodeSignOnCopy, RemoveHeadersOnCopy, ); }; };
		ECFE1BD8132C50064B86D257 /* CommonUI.framework in Embed Frameworks */ = {isa = PBXBuildFile; fileRef = 0BDC1A48960A2B5B50EE808C /* CommonUI.framework */; platformFilter = ios; settings = {ATTRIBUTES = (CodeSignOnCopy, RemoveHeadersOnCopy, ); }; };
		ED17F669EF8C74C22AD521EE /* AppRootBuilder.swift in Sources */ = {isa = PBXBuildFile; fileRef = CF930340D3A6E9B0D6D2EF0B /* AppRootBuilder.swift */; };
		F93F35E3A1ACDDE5648FCD83 /* Login.framework in Embed Frameworks */ = {isa = PBXBuildFile; fileRef = 0B6686109E67E5AF15338F03 /* Login.framework */; platformFilter = ios; settings = {ATTRIBUTES = (CodeSignOnCopy, RemoveHeadersOnCopy, ); }; };
/* End PBXBuildFile section */

/* Begin PBXCopyFilesBuildPhase section */
		ACB419483293F2C55A24D692 /* Embed Frameworks */ = {
			isa = PBXCopyFilesBuildPhase;
			buildActionMask = 2147483647;
			dstPath = "";
			dstSubfolderSpec = 10;
			files = (
				2757F0D732A5FF5D7861FB82 /* AppSetting.framework in Embed Frameworks */,
				581A33B43212873057D99EEE /* Bookmark.framework in Embed Frameworks */,
				48A84178514D95E6A36E4A99 /* Comment.framework in Embed Frameworks */,
				ECFE1BD8132C50064B86D257 /* CommonUI.framework in Embed Frameworks */,
				87C12D7181027F947E754013 /* Entity.framework in Embed Frameworks */,
				117AA82F3B71B2FB73140A60 /* Home.framework in Embed Frameworks */,
				F93F35E3A1ACDDE5648FCD83 /* Login.framework in Embed Frameworks */,
				C0884C8F3D34D048AB9EAF0F /* Main.framework in Embed Frameworks */,
				A4945E8D9D2D52B4B29ED6BF /* Networking.framework in Embed Frameworks */,
				C416EFC9BE0DC2641E36B0DC /* Product.framework in Embed Frameworks */,
				581F0714A822625CC2ADE988 /* ProductDetail.framework in Embed Frameworks */,
				4960B8A7F961BF20E13537C0 /* Profile.framework in Embed Frameworks */,
				8F19340628289441D324807E /* Search.framework in Embed Frameworks */,
				C7A76AC17E6309403D3649DF /* User.framework in Embed Frameworks */,
				2CD17D44FB4C1CCB9C3C0E1B /* Util.framework in Embed Frameworks */,
			);
			name = "Embed Frameworks";
			runOnlyForDeploymentPostprocessing = 0;
		};
/* End PBXCopyFilesBuildPhase section */

/* Begin PBXFileReference section */
		0B6686109E67E5AF15338F03 /* Login.framework */ = {isa = PBXFileReference; explicitFileType = wrapper.framework; includeInIndex = 0; path = Login.framework; sourceTree = BUILT_PRODUCTS_DIR; };
		0BDC1A48960A2B5B50EE808C /* CommonUI.framework */ = {isa = PBXFileReference; explicitFileType = wrapper.framework; includeInIndex = 0; path = CommonUI.framework; sourceTree = BUILT_PRODUCTS_DIR; };
		139AA4720838D21F6953CFB0 /* User.framework */ = {isa = PBXFileReference; explicitFileType = wrapper.framework; includeInIndex = 0; path = User.framework; sourceTree = BUILT_PRODUCTS_DIR; };
		1F03EA36D8E99BA964DA7B7F /* AppRootViewController.swift */ = {isa = PBXFileReference; lastKnownFileType = sourcecode.swift; path = AppRootViewController.swift; sourceTree = "<group>"; };
		23F3995B7E481C32B68A0DD2 /* Home.framework */ = {isa = PBXFileReference; explicitFileType = wrapper.framework; includeInIndex = 0; path = Home.framework; sourceTree = BUILT_PRODUCTS_DIR; };
		2B5B47F76E0624DB4B0A1406 /* DECO-Info.plist */ = {isa = PBXFileReference; lastKnownFileType = text.plist; path = "DECO-Info.plist"; sourceTree = "<group>"; };
		34E89B21C2E11C1DE9D11C24 /* Networking.framework */ = {isa = PBXFileReference; explicitFileType = wrapper.framework; includeInIndex = 0; path = Networking.framework; sourceTree = BUILT_PRODUCTS_DIR; };
		41868A1039E1752591863AA6 /* AppRootInteractor.swift */ = {isa = PBXFileReference; lastKnownFileType = sourcecode.swift; path = AppRootInteractor.swift; sourceTree = "<group>"; };
		49CD77C53DC92A1E666BAEA4 /* Util.framework */ = {isa = PBXFileReference; explicitFileType = wrapper.framework; includeInIndex = 0; path = Util.framework; sourceTree = BUILT_PRODUCTS_DIR; };
		7E3025CA5F111238B6D4E1C1 /* ProductDetail.framework */ = {isa = PBXFileReference; explicitFileType = wrapper.framework; includeInIndex = 0; path = ProductDetail.framework; sourceTree = BUILT_PRODUCTS_DIR; };
		9C0AA6775D47E87C6A8D48C1 /* Product.framework */ = {isa = PBXFileReference; explicitFileType = wrapper.framework; includeInIndex = 0; path = Product.framework; sourceTree = BUILT_PRODUCTS_DIR; };
		A267875193794B9E80FD77F1 /* AppSetting.framework */ = {isa = PBXFileReference; explicitFileType = wrapper.framework; includeInIndex = 0; path = AppSetting.framework; sourceTree = BUILT_PRODUCTS_DIR; };
		A5B4D8F684E82A042DDC7B8A /* Bookmark.framework */ = {isa = PBXFileReference; explicitFileType = wrapper.framework; includeInIndex = 0; path = Bookmark.framework; sourceTree = BUILT_PRODUCTS_DIR; };
		A725135C854EEFB23AF3AB6A /* Profile.framework */ = {isa = PBXFileReference; explicitFileType = wrapper.framework; includeInIndex = 0; path = Profile.framework; sourceTree = BUILT_PRODUCTS_DIR; };
		AAA9A2B96B820652C5C3709F /* Entity.framework */ = {isa = PBXFileReference; explicitFileType = wrapper.framework; includeInIndex = 0; path = Entity.framework; sourceTree = BUILT_PRODUCTS_DIR; };
		B41ACEE68352FF01E741559F /* AppDelegate.swift */ = {isa = PBXFileReference; lastKnownFileType = sourcecode.swift; path = AppDelegate.swift; sourceTree = "<group>"; };
		B8B48B1EF47A5C5EDF44940B /* DECO.app */ = {isa = PBXFileReference; explicitFileType = wrapper.application; includeInIndex = 0; path = DECO.app; sourceTree = BUILT_PRODUCTS_DIR; };
		CD30CC6FCC4C7D10CF8BFBC9 /* Comment.framework */ = {isa = PBXFileReference; explicitFileType = wrapper.framework; includeInIndex = 0; path = Comment.framework; sourceTree = BUILT_PRODUCTS_DIR; };
		CF930340D3A6E9B0D6D2EF0B /* AppRootBuilder.swift */ = {isa = PBXFileReference; lastKnownFileType = sourcecode.swift; path = AppRootBuilder.swift; sourceTree = "<group>"; };
		E61EB0154CEBAD1FA96E5290 /* AppRootRouter.swift */ = {isa = PBXFileReference; lastKnownFileType = sourcecode.swift; path = AppRootRouter.swift; sourceTree = "<group>"; };
		E8069646662AA08962528F4C /* Search.framework */ = {isa = PBXFileReference; explicitFileType = wrapper.framework; includeInIndex = 0; path = Search.framework; sourceTree = BUILT_PRODUCTS_DIR; };
		E9555C4DC9DBE2E005B175B0 /* AppComponent.swift */ = {isa = PBXFileReference; lastKnownFileType = sourcecode.swift; path = AppComponent.swift; sourceTree = "<group>"; };
		FD23680AB7E061F92C3E315A /* Main.framework */ = {isa = PBXFileReference; explicitFileType = wrapper.framework; includeInIndex = 0; path = Main.framework; sourceTree = BUILT_PRODUCTS_DIR; };
/* End PBXFileReference section */

/* Begin PBXFrameworksBuildPhase section */
		BCB22C0D86A7A07A19E65127 /* Frameworks */ = {
			isa = PBXFrameworksBuildPhase;
			buildActionMask = 2147483647;
			files = (
				00FE57C7F58F07F066AB5244 /* Main.framework in Frameworks */,
			);
			runOnlyForDeploymentPostprocessing = 0;
		};
/* End PBXFrameworksBuildPhase section */

/* Begin PBXGroup section */
		4E6A707764707C1DE3843120 /* Sources */ = {
			isa = PBXGroup;
			children = (
				BC17F6D68F2FD809E4AE861C /* AppRoot */,
				E9555C4DC9DBE2E005B175B0 /* AppComponent.swift */,
				B41ACEE68352FF01E741559F /* AppDelegate.swift */,
			);
			path = Sources;
			sourceTree = "<group>";
		};
		572D49970525609684EE7C42 /* Project */ = {
			isa = PBXGroup;
			children = (
				B3F72DE84C99954D6CA44488 /* Derived */,
				4E6A707764707C1DE3843120 /* Sources */,
			);
			name = Project;
			sourceTree = "<group>";
		};
		5B24C9F060A6DAA6185EAB87 /* InfoPlists */ = {
			isa = PBXGroup;
			children = (
				2B5B47F76E0624DB4B0A1406 /* DECO-Info.plist */,
			);
			path = InfoPlists;
			sourceTree = "<group>";
		};
		623266920F910E96F6E945BF /* Frameworks */ = {
			isa = PBXGroup;
			children = (
			);
			name = Frameworks;
			sourceTree = "<group>";
		};
		631474223C4CD159CB78A992 = {
			isa = PBXGroup;
			children = (
				572D49970525609684EE7C42 /* Project */,
				623266920F910E96F6E945BF /* Frameworks */,
				FF12CED73E799A847123488A /* Products */,
			);
			indentWidth = 2;
			sourceTree = "<group>";
			tabWidth = 2;
			usesTabs = 1;
		};
		B3F72DE84C99954D6CA44488 /* Derived */ = {
			isa = PBXGroup;
			children = (
				5B24C9F060A6DAA6185EAB87 /* InfoPlists */,
			);
			path = Derived;
			sourceTree = "<group>";
		};
		BC17F6D68F2FD809E4AE861C /* AppRoot */ = {
			isa = PBXGroup;
			children = (
				CF930340D3A6E9B0D6D2EF0B /* AppRootBuilder.swift */,
				41868A1039E1752591863AA6 /* AppRootInteractor.swift */,
				E61EB0154CEBAD1FA96E5290 /* AppRootRouter.swift */,
				1F03EA36D8E99BA964DA7B7F /* AppRootViewController.swift */,
			);
			path = AppRoot;
			sourceTree = "<group>";
		};
		FF12CED73E799A847123488A /* Products */ = {
			isa = PBXGroup;
			children = (
				A267875193794B9E80FD77F1 /* AppSetting.framework */,
				A5B4D8F684E82A042DDC7B8A /* Bookmark.framework */,
				CD30CC6FCC4C7D10CF8BFBC9 /* Comment.framework */,
				0BDC1A48960A2B5B50EE808C /* CommonUI.framework */,
				B8B48B1EF47A5C5EDF44940B /* DECO.app */,
				AAA9A2B96B820652C5C3709F /* Entity.framework */,
				23F3995B7E481C32B68A0DD2 /* Home.framework */,
				0B6686109E67E5AF15338F03 /* Login.framework */,
				FD23680AB7E061F92C3E315A /* Main.framework */,
				34E89B21C2E11C1DE9D11C24 /* Networking.framework */,
				9C0AA6775D47E87C6A8D48C1 /* Product.framework */,
				7E3025CA5F111238B6D4E1C1 /* ProductDetail.framework */,
				A725135C854EEFB23AF3AB6A /* Profile.framework */,
				E8069646662AA08962528F4C /* Search.framework */,
				139AA4720838D21F6953CFB0 /* User.framework */,
				49CD77C53DC92A1E666BAEA4 /* Util.framework */,
			);
			name = Products;
			sourceTree = "<group>";
		};
/* End PBXGroup section */

/* Begin PBXNativeTarget section */
		7811CB0177222590338F6A41 /* DECO */ = {
			isa = PBXNativeTarget;
			buildConfigurationList = F80FE07AB2E897EC4D284EC7 /* Build configuration list for PBXNativeTarget "DECO" */;
			buildPhases = (
				E6F18792295824E5633297C0 /* Sources */,
				F65C69D28136CC01BF5B456C /* Resources */,
				ACB419483293F2C55A24D692 /* Embed Frameworks */,
				BCB22C0D86A7A07A19E65127 /* Frameworks */,
			);
			buildRules = (
			);
			dependencies = (
			);
			name = DECO;
			productName = DECO;
			productReference = B8B48B1EF47A5C5EDF44940B /* DECO.app */;
			productType = "com.apple.product-type.application";
		};
/* End PBXNativeTarget section */

/* Begin PBXProject section */
		B9B76D3A031393023CC89172 /* Project object */ = {
			isa = PBXProject;
			attributes = {
				ORGANIZATIONNAME = boni;
				TargetAttributes = {
				};
			};
			buildConfigurationList = 45CF22C5A2D63BFD214ED9F1 /* Build configuration list for PBXProject "DECO" */;
			compatibilityVersion = "Xcode 13.0";
			developmentRegion = ko;
			hasScannedForEncodings = 0;
			knownRegions = (
				Base,
				en,
			);
			mainGroup = 631474223C4CD159CB78A992;
			productRefGroup = FF12CED73E799A847123488A /* Products */;
			projectDirPath = "";
			projectRoot = "";
			targets = (
				7811CB0177222590338F6A41 /* DECO */,
			);
		};
/* End PBXProject section */

/* Begin PBXResourcesBuildPhase section */
		F65C69D28136CC01BF5B456C /* Resources */ = {
			isa = PBXResourcesBuildPhase;
			buildActionMask = 2147483647;
			files = (
			);
			runOnlyForDeploymentPostprocessing = 0;
		};
/* End PBXResourcesBuildPhase section */

/* Begin PBXSourcesBuildPhase section */
		E6F18792295824E5633297C0 /* Sources */ = {
			isa = PBXSourcesBuildPhase;
			buildActionMask = 2147483647;
			files = (
				B8E941A134C8B8076666919F /* AppComponent.swift in Sources */,
				6ABD43ADEA446D2AE1E006AE /* AppDelegate.swift in Sources */,
				ED17F669EF8C74C22AD521EE /* AppRootBuilder.swift in Sources */,
				3A049772C15648D1C826521C /* AppRootInteractor.swift in Sources */,
				0501DD244E7145F91982FE46 /* AppRootRouter.swift in Sources */,
				41CF09C6F9A4820C1D57E0FD /* AppRootViewController.swift in Sources */,
			);
			runOnlyForDeploymentPostprocessing = 0;
		};
/* End PBXSourcesBuildPhase section */

/* Begin XCBuildConfiguration section */
		337A7709CC7616CB27D2D043 /* Release */ = {
			isa = XCBuildConfiguration;
			buildSettings = {
				ALWAYS_SEARCH_USER_PATHS = NO;
				CLANG_ANALYZER_LOCALIZABILITY_NONLOCALIZED = YES;
				CLANG_ANALYZER_NONNULL = YES;
				CLANG_ANALYZER_NUMBER_OBJECT_CONVERSION = YES_AGGRESSIVE;
				CLANG_CXX_LANGUAGE_STANDARD = "gnu++14";
				CLANG_CXX_LIBRARY = "libc++";
				CLANG_ENABLE_MODULES = YES;
				CLANG_ENABLE_OBJC_ARC = YES;
				CLANG_ENABLE_OBJC_WEAK = YES;
				CLANG_WARN_BLOCK_CAPTURE_AUTORELEASING = YES;
				CLANG_WARN_BOOL_CONVERSION = YES;
				CLANG_WARN_COMMA = YES;
				CLANG_WARN_CONSTANT_CONVERSION = YES;
				CLANG_WARN_DEPRECATED_OBJC_IMPLEMENTATIONS = YES;
				CLANG_WARN_DIRECT_OBJC_ISA_USAGE = YES_ERROR;
				CLANG_WARN_DOCUMENTATION_COMMENTS = YES;
				CLANG_WARN_EMPTY_BODY = YES;
				CLANG_WARN_ENUM_CONVERSION = YES;
				CLANG_WARN_INFINITE_RECURSION = YES;
				CLANG_WARN_INT_CONVERSION = YES;
				CLANG_WARN_NON_LITERAL_NULL_CONVERSION = YES;
				CLANG_WARN_OBJC_IMPLICIT_RETAIN_SELF = YES;
				CLANG_WARN_OBJC_LITERAL_CONVERSION = YES;
				CLANG_WARN_OBJC_ROOT_CLASS = YES_ERROR;
				CLANG_WARN_QUOTED_INCLUDE_IN_FRAMEWORK_HEADER = YES;
				CLANG_WARN_RANGE_LOOP_ANALYSIS = YES;
				CLANG_WARN_STRICT_PROTOTYPES = YES;
				CLANG_WARN_SUSPICIOUS_MOVE = YES;
				CLANG_WARN_UNGUARDED_AVAILABILITY = YES_AGGRESSIVE;
				CLANG_WARN_UNREACHABLE_CODE = YES;
				CLANG_WARN__DUPLICATE_METHOD_MATCH = YES;
				CODE_SIGN_STYLE = Automatic;
				COPY_PHASE_STRIP = NO;
				CURRENT_PROJECT_VERSION = 2307251441009;
				DEAD_CODE_STRIPPING = YES;
				DEBUG_INFORMATION_FORMAT = "dwarf-with-dsym";
				DEVELOPMENT_TEAM = VKGAQDGK5R;
				ENABLE_BITCODE = NO;
				ENABLE_NS_ASSERTIONS = NO;
				ENABLE_STRICT_OBJC_MSGSEND = YES;
				GCC_C_LANGUAGE_STANDARD = gnu11;
				GCC_NO_COMMON_BLOCKS = YES;
				GCC_PREPROCESSOR_DEFINITIONS = "FLEXLAYOUT_SWIFT_PACKAGE=1";
				GCC_WARN_64_TO_32_BIT_CONVERSION = YES;
				GCC_WARN_ABOUT_RETURN_TYPE = YES_ERROR;
				GCC_WARN_UNDECLARED_SELECTOR = YES;
				GCC_WARN_UNINITIALIZED_AUTOS = YES_AGGRESSIVE;
				GCC_WARN_UNUSED_FUNCTION = YES;
				GCC_WARN_UNUSED_VARIABLE = YES;
				INFOPLIST_KEY_CFBundleDisplayName = DECO;
				MARKETING_VERSION = 1.0.3;
				MTL_ENABLE_DEBUG_INFO = NO;
				PRODUCT_NAME = "$(TARGET_NAME)";
				VALIDATE_PRODUCT = YES;
			};
			name = Release;
		};
		73069BC3C8BF10F002ED602C /* Debug */ = {
			isa = XCBuildConfiguration;
			buildSettings = {
				ASSETCATALOG_COMPILER_APPICON_NAME = AppIcon;
				CODE_SIGN_IDENTITY = "iPhone Developer";
				CODE_SIGN_STYLE = Automatic;
				CURRENT_PROJECT_VERSION = 2307251441009;
				DEVELOPMENT_TEAM = VKGAQDGK5R;
				ENABLE_BITCODE = NO;
				ENABLE_PREVIEWS = YES;
				GCC_PREPROCESSOR_DEFINITIONS = "FLEXLAYOUT_SWIFT_PACKAGE=1";
				INFOPLIST_FILE = "Derived/InfoPlists/DECO-Info.plist";
				INFOPLIST_KEY_CFBundleDisplayName = DECO;
				IPHONEOS_DEPLOYMENT_TARGET = 15.0;
				LD_RUNPATH_SEARCH_PATHS = (
					"$(inherited)",
					"@executable_path/Frameworks",
				);
				MARKETING_VERSION = 1.0.3;
				PRODUCT_BUNDLE_IDENTIFIER = come.deco.ios.DECO;
				PRODUCT_NAME = DECO;
				SDKROOT = iphoneos;
				SUPPORTS_MACCATALYST = NO;
				SUPPORTS_MAC_DESIGNED_FOR_IPHONE_IPAD = YES;
				SWIFT_ACTIVE_COMPILATION_CONDITIONS = DEBUG;
				SWIFT_COMPILATION_MODE = singlefile;
				SWIFT_OPTIMIZATION_LEVEL = "-Onone";
				SWIFT_VERSION = 5.0;
				TARGETED_DEVICE_FAMILY = 1;
			};
			name = Debug;
		};
		8A75E47F08B52A472B6ADB4D /* Debug */ = {
			isa = XCBuildConfiguration;
			buildSettings = {
				ALWAYS_SEARCH_USER_PATHS = NO;
				CLANG_ANALYZER_LOCALIZABILITY_NONLOCALIZED = YES;
				CLANG_ANALYZER_NONNULL = YES;
				CLANG_ANALYZER_NUMBER_OBJECT_CONVERSION = YES_AGGRESSIVE;
				CLANG_CXX_LANGUAGE_STANDARD = "gnu++14";
				CLANG_CXX_LIBRARY = "libc++";
				CLANG_ENABLE_MODULES = YES;
				CLANG_ENABLE_OBJC_ARC = YES;
				CLANG_ENABLE_OBJC_WEAK = YES;
				CLANG_WARN_BLOCK_CAPTURE_AUTORELEASING = YES;
				CLANG_WARN_BOOL_CONVERSION = YES;
				CLANG_WARN_COMMA = YES;
				CLANG_WARN_CONSTANT_CONVERSION = YES;
				CLANG_WARN_DEPRECATED_OBJC_IMPLEMENTATIONS = YES;
				CLANG_WARN_DIRECT_OBJC_ISA_USAGE = YES_ERROR;
				CLANG_WARN_DOCUMENTATION_COMMENTS = YES;
				CLANG_WARN_EMPTY_BODY = YES;
				CLANG_WARN_ENUM_CONVERSION = YES;
				CLANG_WARN_INFINITE_RECURSION = YES;
				CLANG_WARN_INT_CONVERSION = YES;
				CLANG_WARN_NON_LITERAL_NULL_CONVERSION = YES;
				CLANG_WARN_OBJC_IMPLICIT_RETAIN_SELF = YES;
				CLANG_WARN_OBJC_LITERAL_CONVERSION = YES;
				CLANG_WARN_OBJC_ROOT_CLASS = YES_ERROR;
				CLANG_WARN_QUOTED_INCLUDE_IN_FRAMEWORK_HEADER = YES;
				CLANG_WARN_RANGE_LOOP_ANALYSIS = YES;
				CLANG_WARN_STRICT_PROTOTYPES = YES;
				CLANG_WARN_SUSPICIOUS_MOVE = YES;
				CLANG_WARN_UNGUARDED_AVAILABILITY = YES_AGGRESSIVE;
				CLANG_WARN_UNREACHABLE_CODE = YES;
				CLANG_WARN__DUPLICATE_METHOD_MATCH = YES;
				CODE_SIGN_STYLE = Automatic;
				COPY_PHASE_STRIP = NO;
				CURRENT_PROJECT_VERSION = 2307251441009;
				DEAD_CODE_STRIPPING = YES;
				DEBUG_INFORMATION_FORMAT = dwarf;
				DEVELOPMENT_TEAM = VKGAQDGK5R;
				ENABLE_BITCODE = NO;
				ENABLE_STRICT_OBJC_MSGSEND = YES;
				ENABLE_TESTABILITY = YES;
				GCC_C_LANGUAGE_STANDARD = gnu11;
				GCC_DYNAMIC_NO_PIC = NO;
				GCC_NO_COMMON_BLOCKS = YES;
				GCC_OPTIMIZATION_LEVEL = 0;
				GCC_PREPROCESSOR_DEFINITIONS = "FLEXLAYOUT_SWIFT_PACKAGE=1";
				GCC_WARN_64_TO_32_BIT_CONVERSION = YES;
				GCC_WARN_ABOUT_RETURN_TYPE = YES_ERROR;
				GCC_WARN_UNDECLARED_SELECTOR = YES;
				GCC_WARN_UNINITIALIZED_AUTOS = YES_AGGRESSIVE;
				GCC_WARN_UNUSED_FUNCTION = YES;
				GCC_WARN_UNUSED_VARIABLE = YES;
				INFOPLIST_KEY_CFBundleDisplayName = DECO;
				MARKETING_VERSION = 1.0.3;
				MTL_ENABLE_DEBUG_INFO = YES;
				ONLY_ACTIVE_ARCH = YES;
				PRODUCT_NAME = "$(TARGET_NAME)";
			};
			name = Debug;
		};
		E81EB013E9C21D7F65AECEE1 /* Release */ = {
			isa = XCBuildConfiguration;
			buildSettings = {
				ASSETCATALOG_COMPILER_APPICON_NAME = AppIcon;
				CODE_SIGN_IDENTITY = "iPhone Developer";
				CODE_SIGN_STYLE = Automatic;
				CURRENT_PROJECT_VERSION = 2307251441009;
				DEVELOPMENT_TEAM = VKGAQDGK5R;
				ENABLE_BITCODE = NO;
				ENABLE_PREVIEWS = YES;
				GCC_PREPROCESSOR_DEFINITIONS = "FLEXLAYOUT_SWIFT_PACKAGE=1";
				INFOPLIST_FILE = "Derived/InfoPlists/DECO-Info.plist";
				INFOPLIST_KEY_CFBundleDisplayName = DECO;
				IPHONEOS_DEPLOYMENT_TARGET = 15.0;
				LD_RUNPATH_SEARCH_PATHS = (
					"$(inherited)",
					"@executable_path/Frameworks",
				);
				MARKETING_VERSION = 1.0.3;
				PRODUCT_BUNDLE_IDENTIFIER = come.deco.ios.DECO;
				PRODUCT_NAME = DECO;
				SDKROOT = iphoneos;
				SUPPORTS_MACCATALYST = NO;
				SUPPORTS_MAC_DESIGNED_FOR_IPHONE_IPAD = YES;
				SWIFT_COMPILATION_MODE = wholemodule;
				SWIFT_OPTIMIZATION_LEVEL = "-Owholemodule";
				SWIFT_VERSION = 5.0;
				TARGETED_DEVICE_FAMILY = 1;
			};
			name = Release;
		};
/* End XCBuildConfiguration section */

/* Begin XCConfigurationList section */
		45CF22C5A2D63BFD214ED9F1 /* Build configuration list for PBXProject "DECO" */ = {
			isa = XCConfigurationList;
			buildConfigurations = (
				8A75E47F08B52A472B6ADB4D /* Debug */,
				337A7709CC7616CB27D2D043 /* Release */,
			);
			defaultConfigurationIsVisible = 0;
			defaultConfigurationName = Release;
		};
		F80FE07AB2E897EC4D284EC7 /* Build configuration list for PBXNativeTarget "DECO" */ = {
			isa = XCConfigurationList;
			buildConfigurations = (
				73069BC3C8BF10F002ED602C /* Debug */,
				E81EB013E9C21D7F65AECEE1 /* Release */,
			);
			defaultConfigurationIsVisible = 0;
			defaultConfigurationName = Release;
		};
/* End XCConfigurationList section */
	};
	rootObject = B9B76D3A031393023CC89172 /* Project object */;
}
