// !$*UTF8*$!
{
	archiveVersion = 1;
	classes = {
	};
	objectVersion = 52;
	objects = {

/* Begin PBXBuildFile section */
		0424D66F13A94C007AE262B9 /* HomeBoardFeedBuilder.swift in Sources */ = {isa = PBXBuildFile; fileRef = 3800D174A2992A3717EF2827 /* HomeBoardFeedBuilder.swift */; };
		08D71769E4CF2C34FE4BFE2F /* PopularBoardViewController.swift in Sources */ = {isa = PBXBuildFile; fileRef = A3406018FF704319808EDBD2 /* PopularBoardViewController.swift */; };
		1CB26E39A4DE1F78A9F443D2 /* PostingFilterStream.swift in Sources */ = {isa = PBXBuildFile; fileRef = 6A9B97C711A2CB72FD7B99B6 /* PostingFilterStream.swift */; };
		23BCC7095F44EB1B54AF5259 /* FollowBoardInteractor.swift in Sources */ = {isa = PBXBuildFile; fileRef = 92558056C7BFAEC2D72F36D9 /* FollowBoardInteractor.swift */; };
		2B3A43CF2F442C439915B5C9 /* FollowBoardRouter.swift in Sources */ = {isa = PBXBuildFile; fileRef = 5A81463CC2603FB7C0BF4D6D /* FollowBoardRouter.swift */; };
		30EAB9FD180180B0ED13E5F1 /* LatestBoardRouter.swift in Sources */ = {isa = PBXBuildFile; fileRef = BF9967A925F95DD075CB0BE7 /* LatestBoardRouter.swift */; };
		42459909C6F4FACB82E386A2 /* HomeBoardFeedViewController.swift in Sources */ = {isa = PBXBuildFile; fileRef = E76027EACF468E42FCAF6368 /* HomeBoardFeedViewController.swift */; };
		42936DA6FEC513D9FD20B3FF /* LatestBoardInteractor.swift in Sources */ = {isa = PBXBuildFile; fileRef = 65975A315732F6E8D39BF328 /* LatestBoardInteractor.swift */; };
		4743D71A678E1519B95DA2D2 /* FollowBoardBuilder.swift in Sources */ = {isa = PBXBuildFile; fileRef = 60C5B9ABBE27B699D3DB7940 /* FollowBoardBuilder.swift */; };
		501396B7DEEA8296756601F5 /* BoardStream.swift in Sources */ = {isa = PBXBuildFile; fileRef = 380A045914D05CA72A0A2916 /* BoardStream.swift */; };
		6955D80F8D6F10D9A7B85A85 /* LatestBoardViewController.swift in Sources */ = {isa = PBXBuildFile; fileRef = 7628A2B3551C5E995DD8DD67 /* LatestBoardViewController.swift */; };
		71142422FF1A8116C0BF321B /* PopularBoardInteractor.swift in Sources */ = {isa = PBXBuildFile; fileRef = C48D910407739D09DF800AB8 /* PopularBoardInteractor.swift */; };
		7F791D2A9FD848C292B35A7E /* HomeBoardFeedInteractor.swift in Sources */ = {isa = PBXBuildFile; fileRef = AC635A516CDA207C996AF6C5 /* HomeBoardFeedInteractor.swift */; };
		87CF70FEF6A23D5638E9B785 /* HomeBoardFeedRouter.swift in Sources */ = {isa = PBXBuildFile; fileRef = 9586F4E42FF7997245B5CA75 /* HomeBoardFeedRouter.swift */; };
		8E4BEAC7A6CC701A2842BFFB /* Product.framework in Frameworks */ = {isa = PBXBuildFile; fileRef = 71D7BA23D01D6B0D8DBA795F /* Product.framework */; platformFilter = ios; };
		969AE3FC67639657050B796A /* HomeRouter.swift in Sources */ = {isa = PBXBuildFile; fileRef = 3CC9D00E6250394A9E0CC7EC /* HomeRouter.swift */; };
		992ECEB252E1A6FD4FA19A0D /* LatestBoardBuilder.swift in Sources */ = {isa = PBXBuildFile; fileRef = E7350F1463941671A276C044 /* LatestBoardBuilder.swift */; };
		9E5E2B3F30DD9698E7DA138C /* HomeViewController.swift in Sources */ = {isa = PBXBuildFile; fileRef = 7CAFEFB4CCEB4FBFFF16CA05 /* HomeViewController.swift */; };
		A428098AD615CD3B5F694A31 /* HomeBuilder.swift in Sources */ = {isa = PBXBuildFile; fileRef = 9879BE437F14BB2EB41CC295 /* HomeBuilder.swift */; };
		B3F1BFF50AB8F5B3FB71FF65 /* FollowBoardViewController.swift in Sources */ = {isa = PBXBuildFile; fileRef = 9A19A747B2422FEB232ECE7E /* FollowBoardViewController.swift */; };
		C38C26480F67CEAABC1951D6 /* PopularBoardRouter.swift in Sources */ = {isa = PBXBuildFile; fileRef = E554E5024AB0DFCA70EBC936 /* PopularBoardRouter.swift */; };
		E5E5544450DE94288A100A1F /* Comment.framework in Frameworks */ = {isa = PBXBuildFile; fileRef = 9A55B3822FBDF0EE94BAB283 /* Comment.framework */; platformFilter = ios; };
		F7FB1076CF30671B49BE611D /* HomeInteractor.swift in Sources */ = {isa = PBXBuildFile; fileRef = 1F62D067FC82E37F588B2D29 /* HomeInteractor.swift */; };
		FC51AFF13D539475F6794D06 /* PopularBoardBuilder.swift in Sources */ = {isa = PBXBuildFile; fileRef = 2364A31793BD73E8EE4D49F4 /* PopularBoardBuilder.swift */; };
/* End PBXBuildFile section */

/* Begin PBXCopyFilesBuildPhase section */
		3C28B78DE981ED6F9F6774E2 /* Embed Frameworks */ = {
			isa = PBXCopyFilesBuildPhase;
			buildActionMask = 2147483647;
			dstPath = "";
			dstSubfolderSpec = 10;
			files = (
			);
			name = "Embed Frameworks";
			runOnlyForDeploymentPostprocessing = 0;
		};
/* End PBXCopyFilesBuildPhase section */

/* Begin PBXFileReference section */
		1F62D067FC82E37F588B2D29 /* HomeInteractor.swift */ = {isa = PBXFileReference; lastKnownFileType = sourcecode.swift; path = HomeInteractor.swift; sourceTree = "<group>"; };
		2364A31793BD73E8EE4D49F4 /* PopularBoardBuilder.swift */ = {isa = PBXFileReference; lastKnownFileType = sourcecode.swift; path = PopularBoardBuilder.swift; sourceTree = "<group>"; };
		3800D174A2992A3717EF2827 /* HomeBoardFeedBuilder.swift */ = {isa = PBXFileReference; lastKnownFileType = sourcecode.swift; path = HomeBoardFeedBuilder.swift; sourceTree = "<group>"; };
		380A045914D05CA72A0A2916 /* BoardStream.swift */ = {isa = PBXFileReference; lastKnownFileType = sourcecode.swift; path = BoardStream.swift; sourceTree = "<group>"; };
		3CC9D00E6250394A9E0CC7EC /* HomeRouter.swift */ = {isa = PBXFileReference; lastKnownFileType = sourcecode.swift; path = HomeRouter.swift; sourceTree = "<group>"; };
		5A81463CC2603FB7C0BF4D6D /* FollowBoardRouter.swift */ = {isa = PBXFileReference; lastKnownFileType = sourcecode.swift; path = FollowBoardRouter.swift; sourceTree = "<group>"; };
		60C5B9ABBE27B699D3DB7940 /* FollowBoardBuilder.swift */ = {isa = PBXFileReference; lastKnownFileType = sourcecode.swift; path = FollowBoardBuilder.swift; sourceTree = "<group>"; };
		61EC700930D1096A1F12C0D7 /* Home-Info.plist */ = {isa = PBXFileReference; lastKnownFileType = text.plist; path = "Home-Info.plist"; sourceTree = "<group>"; };
		65975A315732F6E8D39BF328 /* LatestBoardInteractor.swift */ = {isa = PBXFileReference; lastKnownFileType = sourcecode.swift; path = LatestBoardInteractor.swift; sourceTree = "<group>"; };
		6A9B97C711A2CB72FD7B99B6 /* PostingFilterStream.swift */ = {isa = PBXFileReference; lastKnownFileType = sourcecode.swift; path = PostingFilterStream.swift; sourceTree = "<group>"; };
		71D7BA23D01D6B0D8DBA795F /* Product.framework */ = {isa = PBXFileReference; explicitFileType = wrapper.framework; includeInIndex = 0; path = Product.framework; sourceTree = BUILT_PRODUCTS_DIR; };
		7628A2B3551C5E995DD8DD67 /* LatestBoardViewController.swift */ = {isa = PBXFileReference; lastKnownFileType = sourcecode.swift; path = LatestBoardViewController.swift; sourceTree = "<group>"; };
		7CAFEFB4CCEB4FBFFF16CA05 /* HomeViewController.swift */ = {isa = PBXFileReference; lastKnownFileType = sourcecode.swift; path = HomeViewController.swift; sourceTree = "<group>"; };
		92558056C7BFAEC2D72F36D9 /* FollowBoardInteractor.swift */ = {isa = PBXFileReference; lastKnownFileType = sourcecode.swift; path = FollowBoardInteractor.swift; sourceTree = "<group>"; };
		9290645AFD421A6E8E0A3C77 /* Home.framework */ = {isa = PBXFileReference; explicitFileType = wrapper.framework; includeInIndex = 0; path = Home.framework; sourceTree = BUILT_PRODUCTS_DIR; };
		9586F4E42FF7997245B5CA75 /* HomeBoardFeedRouter.swift */ = {isa = PBXFileReference; lastKnownFileType = sourcecode.swift; path = HomeBoardFeedRouter.swift; sourceTree = "<group>"; };
		9879BE437F14BB2EB41CC295 /* HomeBuilder.swift */ = {isa = PBXFileReference; lastKnownFileType = sourcecode.swift; path = HomeBuilder.swift; sourceTree = "<group>"; };
		9A19A747B2422FEB232ECE7E /* FollowBoardViewController.swift */ = {isa = PBXFileReference; lastKnownFileType = sourcecode.swift; path = FollowBoardViewController.swift; sourceTree = "<group>"; };
		9A55B3822FBDF0EE94BAB283 /* Comment.framework */ = {isa = PBXFileReference; explicitFileType = wrapper.framework; includeInIndex = 0; path = Comment.framework; sourceTree = BUILT_PRODUCTS_DIR; };
		A3406018FF704319808EDBD2 /* PopularBoardViewController.swift */ = {isa = PBXFileReference; lastKnownFileType = sourcecode.swift; path = PopularBoardViewController.swift; sourceTree = "<group>"; };
		AC635A516CDA207C996AF6C5 /* HomeBoardFeedInteractor.swift */ = {isa = PBXFileReference; lastKnownFileType = sourcecode.swift; path = HomeBoardFeedInteractor.swift; sourceTree = "<group>"; };
		BF9967A925F95DD075CB0BE7 /* LatestBoardRouter.swift */ = {isa = PBXFileReference; lastKnownFileType = sourcecode.swift; path = LatestBoardRouter.swift; sourceTree = "<group>"; };
		C48D910407739D09DF800AB8 /* PopularBoardInteractor.swift */ = {isa = PBXFileReference; lastKnownFileType = sourcecode.swift; path = PopularBoardInteractor.swift; sourceTree = "<group>"; };
		E554E5024AB0DFCA70EBC936 /* PopularBoardRouter.swift */ = {isa = PBXFileReference; lastKnownFileType = sourcecode.swift; path = PopularBoardRouter.swift; sourceTree = "<group>"; };
		E7350F1463941671A276C044 /* LatestBoardBuilder.swift */ = {isa = PBXFileReference; lastKnownFileType = sourcecode.swift; path = LatestBoardBuilder.swift; sourceTree = "<group>"; };
		E76027EACF468E42FCAF6368 /* HomeBoardFeedViewController.swift */ = {isa = PBXFileReference; lastKnownFileType = sourcecode.swift; path = HomeBoardFeedViewController.swift; sourceTree = "<group>"; };
/* End PBXFileReference section */

/* Begin PBXFrameworksBuildPhase section */
		989FE4D10E5FABD20EDC2D85 /* Frameworks */ = {
			isa = PBXFrameworksBuildPhase;
			buildActionMask = 2147483647;
			files = (
				E5E5544450DE94288A100A1F /* Comment.framework in Frameworks */,
				8E4BEAC7A6CC701A2842BFFB /* Product.framework in Frameworks */,
			);
			runOnlyForDeploymentPostprocessing = 0;
		};
/* End PBXFrameworksBuildPhase section */

/* Begin PBXGroup section */
		156072FA40260C0FBAAE35F3 /* Products */ = {
			isa = PBXGroup;
			children = (
				9A55B3822FBDF0EE94BAB283 /* Comment.framework */,
				9290645AFD421A6E8E0A3C77 /* Home.framework */,
				71D7BA23D01D6B0D8DBA795F /* Product.framework */,
			);
			name = Products;
			sourceTree = "<group>";
		};
		440337F7B58BC84FCBC5A96E /* Frameworks */ = {
			isa = PBXGroup;
			children = (
			);
			name = Frameworks;
			sourceTree = "<group>";
		};
		48685CFCD358001C958273EC /* FollowBoard */ = {
			isa = PBXGroup;
			children = (
				60C5B9ABBE27B699D3DB7940 /* FollowBoardBuilder.swift */,
				92558056C7BFAEC2D72F36D9 /* FollowBoardInteractor.swift */,
				5A81463CC2603FB7C0BF4D6D /* FollowBoardRouter.swift */,
				9A19A747B2422FEB232ECE7E /* FollowBoardViewController.swift */,
			);
			path = FollowBoard;
			sourceTree = "<group>";
		};
		53EAADA2BB91D9AC202AEE60 /* PopularBoard */ = {
			isa = PBXGroup;
			children = (
				2364A31793BD73E8EE4D49F4 /* PopularBoardBuilder.swift */,
				C48D910407739D09DF800AB8 /* PopularBoardInteractor.swift */,
				E554E5024AB0DFCA70EBC936 /* PopularBoardRouter.swift */,
				A3406018FF704319808EDBD2 /* PopularBoardViewController.swift */,
			);
			path = PopularBoard;
			sourceTree = "<group>";
		};
		5CAA4D52F97EEB01E51B9C8C /* LatestBoard */ = {
			isa = PBXGroup;
			children = (
				E7350F1463941671A276C044 /* LatestBoardBuilder.swift */,
				65975A315732F6E8D39BF328 /* LatestBoardInteractor.swift */,
				BF9967A925F95DD075CB0BE7 /* LatestBoardRouter.swift */,
				7628A2B3551C5E995DD8DD67 /* LatestBoardViewController.swift */,
			);
			path = LatestBoard;
			sourceTree = "<group>";
		};
		60B0B3210EB372E69850997D /* HomeBoardFeed */ = {
			isa = PBXGroup;
			children = (
				3800D174A2992A3717EF2827 /* HomeBoardFeedBuilder.swift */,
				AC635A516CDA207C996AF6C5 /* HomeBoardFeedInteractor.swift */,
				9586F4E42FF7997245B5CA75 /* HomeBoardFeedRouter.swift */,
				E76027EACF468E42FCAF6368 /* HomeBoardFeedViewController.swift */,
			);
			path = HomeBoardFeed;
			sourceTree = "<group>";
		};
		70BB71A4919E9DCCA3DEA54A /* Derived */ = {
			isa = PBXGroup;
			children = (
				C7DAD5517A15CCB12559D52C /* InfoPlists */,
			);
			path = Derived;
			sourceTree = "<group>";
		};
		7EE17195DCED3B55274927B6 = {
			isa = PBXGroup;
			children = (
				A0406DFCF5F3BCA58AF39988 /* Project */,
				440337F7B58BC84FCBC5A96E /* Frameworks */,
				156072FA40260C0FBAAE35F3 /* Products */,
			);
			sourceTree = "<group>";
		};
		893AF8ED88D5D806E649C5EF /* Stream */ = {
			isa = PBXGroup;
			children = (
				380A045914D05CA72A0A2916 /* BoardStream.swift */,
				6A9B97C711A2CB72FD7B99B6 /* PostingFilterStream.swift */,
			);
			path = Stream;
			sourceTree = "<group>";
		};
		A0406DFCF5F3BCA58AF39988 /* Project */ = {
			isa = PBXGroup;
			children = (
				70BB71A4919E9DCCA3DEA54A /* Derived */,
				B74810073A3D8A4993EE22B2 /* Sources */,
			);
			name = Project;
			sourceTree = "<group>";
		};
		B74810073A3D8A4993EE22B2 /* Sources */ = {
			isa = PBXGroup;
			children = (
				48685CFCD358001C958273EC /* FollowBoard */,
				60B0B3210EB372E69850997D /* HomeBoardFeed */,
				5CAA4D52F97EEB01E51B9C8C /* LatestBoard */,
				53EAADA2BB91D9AC202AEE60 /* PopularBoard */,
				893AF8ED88D5D806E649C5EF /* Stream */,
				9879BE437F14BB2EB41CC295 /* HomeBuilder.swift */,
				1F62D067FC82E37F588B2D29 /* HomeInteractor.swift */,
				3CC9D00E6250394A9E0CC7EC /* HomeRouter.swift */,
				7CAFEFB4CCEB4FBFFF16CA05 /* HomeViewController.swift */,
			);
			path = Sources;
			sourceTree = "<group>";
		};
		C7DAD5517A15CCB12559D52C /* InfoPlists */ = {
			isa = PBXGroup;
			children = (
				61EC700930D1096A1F12C0D7 /* Home-Info.plist */,
			);
			path = InfoPlists;
			sourceTree = "<group>";
		};
/* End PBXGroup section */

/* Begin PBXNativeTarget section */
		52E844066D197E3B81FA748F /* Home */ = {
			isa = PBXNativeTarget;
			buildConfigurationList = B53DD812B90D6329E3432A7A /* Build configuration list for PBXNativeTarget "Home" */;
			buildPhases = (
				2B21B3A2EC9193465C060BAD /* Sources */,
				0C6214A8F4021BA62D8E98E9 /* Resources */,
				3C28B78DE981ED6F9F6774E2 /* Embed Frameworks */,
				989FE4D10E5FABD20EDC2D85 /* Frameworks */,
			);
			buildRules = (
			);
			dependencies = (
			);
			name = Home;
			productName = Home;
			productReference = 9290645AFD421A6E8E0A3C77 /* Home.framework */;
			productType = "com.apple.product-type.framework";
		};
/* End PBXNativeTarget section */

/* Begin PBXProject section */
		F648A09DF594BC533BCA5FD3 /* Project object */ = {
			isa = PBXProject;
			attributes = {
				TargetAttributes = {
				};
			};
			buildConfigurationList = AA685C1613CFBDFB4ED6BAE7 /* Build configuration list for PBXProject "Home" */;
			compatibilityVersion = "Xcode 13.0";
			developmentRegion = en;
			hasScannedForEncodings = 0;
			knownRegions = (
				Base,
				en,
			);
			mainGroup = 7EE17195DCED3B55274927B6;
			productRefGroup = 156072FA40260C0FBAAE35F3 /* Products */;
			projectDirPath = "";
			projectRoot = "";
			targets = (
				52E844066D197E3B81FA748F /* Home */,
			);
		};
/* End PBXProject section */

/* Begin PBXResourcesBuildPhase section */
		0C6214A8F4021BA62D8E98E9 /* Resources */ = {
			isa = PBXResourcesBuildPhase;
			buildActionMask = 2147483647;
			files = (
			);
			runOnlyForDeploymentPostprocessing = 0;
		};
/* End PBXResourcesBuildPhase section */

/* Begin PBXSourcesBuildPhase section */
		2B21B3A2EC9193465C060BAD /* Sources */ = {
			isa = PBXSourcesBuildPhase;
			buildActionMask = 2147483647;
			files = (
				4743D71A678E1519B95DA2D2 /* FollowBoardBuilder.swift in Sources */,
				23BCC7095F44EB1B54AF5259 /* FollowBoardInteractor.swift in Sources */,
				2B3A43CF2F442C439915B5C9 /* FollowBoardRouter.swift in Sources */,
				B3F1BFF50AB8F5B3FB71FF65 /* FollowBoardViewController.swift in Sources */,
				0424D66F13A94C007AE262B9 /* HomeBoardFeedBuilder.swift in Sources */,
				7F791D2A9FD848C292B35A7E /* HomeBoardFeedInteractor.swift in Sources */,
				87CF70FEF6A23D5638E9B785 /* HomeBoardFeedRouter.swift in Sources */,
				42459909C6F4FACB82E386A2 /* HomeBoardFeedViewController.swift in Sources */,
				A428098AD615CD3B5F694A31 /* HomeBuilder.swift in Sources */,
				F7FB1076CF30671B49BE611D /* HomeInteractor.swift in Sources */,
				969AE3FC67639657050B796A /* HomeRouter.swift in Sources */,
				9E5E2B3F30DD9698E7DA138C /* HomeViewController.swift in Sources */,
				992ECEB252E1A6FD4FA19A0D /* LatestBoardBuilder.swift in Sources */,
				42936DA6FEC513D9FD20B3FF /* LatestBoardInteractor.swift in Sources */,
				30EAB9FD180180B0ED13E5F1 /* LatestBoardRouter.swift in Sources */,
				6955D80F8D6F10D9A7B85A85 /* LatestBoardViewController.swift in Sources */,
				FC51AFF13D539475F6794D06 /* PopularBoardBuilder.swift in Sources */,
				71142422FF1A8116C0BF321B /* PopularBoardInteractor.swift in Sources */,
				C38C26480F67CEAABC1951D6 /* PopularBoardRouter.swift in Sources */,
				08D71769E4CF2C34FE4BFE2F /* PopularBoardViewController.swift in Sources */,
				501396B7DEEA8296756601F5 /* BoardStream.swift in Sources */,
				1CB26E39A4DE1F78A9F443D2 /* PostingFilterStream.swift in Sources */,
			);
			runOnlyForDeploymentPostprocessing = 0;
		};
/* End PBXSourcesBuildPhase section */

/* Begin XCBuildConfiguration section */
		1B0052CC5DCDA316E217CB85 /* Debug */ = {
			isa = XCBuildConfiguration;
			buildSettings = {
				CODE_SIGN_IDENTITY = "";
				CURRENT_PROJECT_VERSION = 1;
				DEFINES_MODULE = YES;
				DEVELOPMENT_TEAM = VKGAQDGK5R;
				DYLIB_COMPATIBILITY_VERSION = 1;
				DYLIB_CURRENT_VERSION = 1;
				DYLIB_INSTALL_NAME_BASE = "@rpath";
				GCC_PREPROCESSOR_DEFINITIONS = "FLEXLAYOUT_SWIFT_PACKAGE=1";
				INFOPLIST_FILE = "Derived/InfoPlists/Home-Info.plist";
				INSTALL_PATH = "$(LOCAL_LIBRARY_DIR)/Frameworks";
				IPHONEOS_DEPLOYMENT_TARGET = 15.0;
				LD_RUNPATH_SEARCH_PATHS = (
					"$(inherited)",
					"@executable_path/Frameworks",
					"@loader_path/Frameworks",
				);
				PRODUCT_BUNDLE_IDENTIFIER = com.deco.ios.home;
				PRODUCT_NAME = Home;
				SDKROOT = iphoneos;
				SKIP_INSTALL = YES;
				SUPPORTS_MACCATALYST = NO;
				SUPPORTS_MAC_DESIGNED_FOR_IPHONE_IPAD = YES;
				SWIFT_ACTIVE_COMPILATION_CONDITIONS = DEBUG;
				SWIFT_COMPILATION_MODE = singlefile;
				SWIFT_OPTIMIZATION_LEVEL = "-Onone";
				SWIFT_VERSION = 5.0;
				TARGETED_DEVICE_FAMILY = 1;
				VERSIONING_SYSTEM = "apple-generic";
				VERSION_INFO_PREFIX = "";
			};
			name = Debug;
		};
		5B23AD7BA110686AF5014647 /* Debug */ = {
			isa = XCBuildConfiguration;
			buildSettings = {
				ALWAYS_SEARCH_USER_PATHS = NO;
				CLANG_ANALYZER_LOCALIZABILITY_NONLOCALIZED = YES;
				CLANG_ANALYZER_NONNULL = YES;
				CLANG_ANALYZER_NUMBER_OBJECT_CONVERSION = YES_AGGRESSIVE;
				CLANG_CXX_LANGUAGE_STANDARD = "gnu++14";
				CLANG_CXX_LIBRARY = "libc++";
				CLANG_ENABLE_MODULES = YES;
				CLANG_ENABLE_OBJC_ARC = YES;
				CLANG_ENABLE_OBJC_WEAK = YES;
				CLANG_WARN_BLOCK_CAPTURE_AUTORELEASING = YES;
				CLANG_WARN_BOOL_CONVERSION = YES;
				CLANG_WARN_COMMA = YES;
				CLANG_WARN_CONSTANT_CONVERSION = YES;
				CLANG_WARN_DEPRECATED_OBJC_IMPLEMENTATIONS = YES;
				CLANG_WARN_DIRECT_OBJC_ISA_USAGE = YES_ERROR;
				CLANG_WARN_DOCUMENTATION_COMMENTS = YES;
				CLANG_WARN_EMPTY_BODY = YES;
				CLANG_WARN_ENUM_CONVERSION = YES;
				CLANG_WARN_INFINITE_RECURSION = YES;
				CLANG_WARN_INT_CONVERSION = YES;
				CLANG_WARN_NON_LITERAL_NULL_CONVERSION = YES;
				CLANG_WARN_OBJC_IMPLICIT_RETAIN_SELF = YES;
				CLANG_WARN_OBJC_LITERAL_CONVERSION = YES;
				CLANG_WARN_OBJC_ROOT_CLASS = YES_ERROR;
				CLANG_WARN_QUOTED_INCLUDE_IN_FRAMEWORK_HEADER = YES;
				CLANG_WARN_RANGE_LOOP_ANALYSIS = YES;
				CLANG_WARN_STRICT_PROTOTYPES = YES;
				CLANG_WARN_SUSPICIOUS_MOVE = YES;
				CLANG_WARN_UNGUARDED_AVAILABILITY = YES_AGGRESSIVE;
				CLANG_WARN_UNREACHABLE_CODE = YES;
				CLANG_WARN__DUPLICATE_METHOD_MATCH = YES;
				COPY_PHASE_STRIP = NO;
				DEAD_CODE_STRIPPING = YES;
				DEBUG_INFORMATION_FORMAT = dwarf;
				ENABLE_STRICT_OBJC_MSGSEND = YES;
				ENABLE_TESTABILITY = YES;
				GCC_C_LANGUAGE_STANDARD = gnu11;
				GCC_DYNAMIC_NO_PIC = NO;
				GCC_NO_COMMON_BLOCKS = YES;
				GCC_OPTIMIZATION_LEVEL = 0;
				GCC_PREPROCESSOR_DEFINITIONS = (
					"DEBUG=1",
					"$(inherited)",
				);
				GCC_WARN_64_TO_32_BIT_CONVERSION = YES;
				GCC_WARN_ABOUT_RETURN_TYPE = YES_ERROR;
				GCC_WARN_UNDECLARED_SELECTOR = YES;
				GCC_WARN_UNINITIALIZED_AUTOS = YES_AGGRESSIVE;
				GCC_WARN_UNUSED_FUNCTION = YES;
				GCC_WARN_UNUSED_VARIABLE = YES;
				MTL_ENABLE_DEBUG_INFO = YES;
				ONLY_ACTIVE_ARCH = YES;
				PRODUCT_NAME = "$(TARGET_NAME)";
			};
			name = Debug;
		};
		A0D499078A2C717F0427DEEC /* Release */ = {
			isa = XCBuildConfiguration;
			buildSettings = {
				CODE_SIGN_IDENTITY = "";
				CURRENT_PROJECT_VERSION = 1;
				DEFINES_MODULE = YES;
				DEVELOPMENT_TEAM = VKGAQDGK5R;
				DYLIB_COMPATIBILITY_VERSION = 1;
				DYLIB_CURRENT_VERSION = 1;
				DYLIB_INSTALL_NAME_BASE = "@rpath";
				GCC_PREPROCESSOR_DEFINITIONS = "FLEXLAYOUT_SWIFT_PACKAGE=1";
				INFOPLIST_FILE = "Derived/InfoPlists/Home-Info.plist";
				INSTALL_PATH = "$(LOCAL_LIBRARY_DIR)/Frameworks";
				IPHONEOS_DEPLOYMENT_TARGET = 15.0;
				LD_RUNPATH_SEARCH_PATHS = (
					"$(inherited)",
					"@executable_path/Frameworks",
					"@loader_path/Frameworks",
				);
				PRODUCT_BUNDLE_IDENTIFIER = com.deco.ios.home;
				PRODUCT_NAME = Home;
				SDKROOT = iphoneos;
				SKIP_INSTALL = YES;
				SUPPORTS_MACCATALYST = NO;
				SUPPORTS_MAC_DESIGNED_FOR_IPHONE_IPAD = YES;
				SWIFT_COMPILATION_MODE = wholemodule;
				SWIFT_OPTIMIZATION_LEVEL = "-Owholemodule";
				SWIFT_VERSION = 5.0;
				TARGETED_DEVICE_FAMILY = 1;
				VERSIONING_SYSTEM = "apple-generic";
				VERSION_INFO_PREFIX = "";
			};
			name = Release;
		};
		EBE000C2C15A2514D251F457 /* Release */ = {
			isa = XCBuildConfiguration;
			buildSettings = {
				ALWAYS_SEARCH_USER_PATHS = NO;
				CLANG_ANALYZER_LOCALIZABILITY_NONLOCALIZED = YES;
				CLANG_ANALYZER_NONNULL = YES;
				CLANG_ANALYZER_NUMBER_OBJECT_CONVERSION = YES_AGGRESSIVE;
				CLANG_CXX_LANGUAGE_STANDARD = "gnu++14";
				CLANG_CXX_LIBRARY = "libc++";
				CLANG_ENABLE_MODULES = YES;
				CLANG_ENABLE_OBJC_ARC = YES;
				CLANG_ENABLE_OBJC_WEAK = YES;
				CLANG_WARN_BLOCK_CAPTURE_AUTORELEASING = YES;
				CLANG_WARN_BOOL_CONVERSION = YES;
				CLANG_WARN_COMMA = YES;
				CLANG_WARN_CONSTANT_CONVERSION = YES;
				CLANG_WARN_DEPRECATED_OBJC_IMPLEMENTATIONS = YES;
				CLANG_WARN_DIRECT_OBJC_ISA_USAGE = YES_ERROR;
				CLANG_WARN_DOCUMENTATION_COMMENTS = YES;
				CLANG_WARN_EMPTY_BODY = YES;
				CLANG_WARN_ENUM_CONVERSION = YES;
				CLANG_WARN_INFINITE_RECURSION = YES;
				CLANG_WARN_INT_CONVERSION = YES;
				CLANG_WARN_NON_LITERAL_NULL_CONVERSION = YES;
				CLANG_WARN_OBJC_IMPLICIT_RETAIN_SELF = YES;
				CLANG_WARN_OBJC_LITERAL_CONVERSION = YES;
				CLANG_WARN_OBJC_ROOT_CLASS = YES_ERROR;
				CLANG_WARN_QUOTED_INCLUDE_IN_FRAMEWORK_HEADER = YES;
				CLANG_WARN_RANGE_LOOP_ANALYSIS = YES;
				CLANG_WARN_STRICT_PROTOTYPES = YES;
				CLANG_WARN_SUSPICIOUS_MOVE = YES;
				CLANG_WARN_UNGUARDED_AVAILABILITY = YES_AGGRESSIVE;
				CLANG_WARN_UNREACHABLE_CODE = YES;
				CLANG_WARN__DUPLICATE_METHOD_MATCH = YES;
				COPY_PHASE_STRIP = NO;
				DEAD_CODE_STRIPPING = YES;
				DEBUG_INFORMATION_FORMAT = "dwarf-with-dsym";
				ENABLE_NS_ASSERTIONS = NO;
				ENABLE_STRICT_OBJC_MSGSEND = YES;
				GCC_C_LANGUAGE_STANDARD = gnu11;
				GCC_NO_COMMON_BLOCKS = YES;
				GCC_WARN_64_TO_32_BIT_CONVERSION = YES;
				GCC_WARN_ABOUT_RETURN_TYPE = YES_ERROR;
				GCC_WARN_UNDECLARED_SELECTOR = YES;
				GCC_WARN_UNINITIALIZED_AUTOS = YES_AGGRESSIVE;
				GCC_WARN_UNUSED_FUNCTION = YES;
				GCC_WARN_UNUSED_VARIABLE = YES;
				MTL_ENABLE_DEBUG_INFO = NO;
				PRODUCT_NAME = "$(TARGET_NAME)";
				VALIDATE_PRODUCT = YES;
			};
			name = Release;
		};
/* End XCBuildConfiguration section */

/* Begin XCConfigurationList section */
		AA685C1613CFBDFB4ED6BAE7 /* Build configuration list for PBXProject "Home" */ = {
			isa = XCConfigurationList;
			buildConfigurations = (
				5B23AD7BA110686AF5014647 /* Debug */,
				EBE000C2C15A2514D251F457 /* Release */,
			);
			defaultConfigurationIsVisible = 0;
			defaultConfigurationName = Release;
		};
		B53DD812B90D6329E3432A7A /* Build configuration list for PBXNativeTarget "Home" */ = {
			isa = XCConfigurationList;
			buildConfigurations = (
				1B0052CC5DCDA316E217CB85 /* Debug */,
				A0D499078A2C717F0427DEEC /* Release */,
			);
			defaultConfigurationIsVisible = 0;
			defaultConfigurationName = Release;
		};
/* End XCConfigurationList section */
	};
	rootObject = F648A09DF594BC533BCA5FD3 /* Project object */;
}
