// !$*UTF8*$!
{
	archiveVersion = 1;
	classes = {
	};
	objectVersion = 52;
	objects = {

/* Begin PBXBuildFile section */
		05ABEBAF530FE13F5452BB60 /* LoginView.swift in Sources */ = {isa = PBXBuildFile; fileRef = 86BA03B8D05AAC62E0AD725D /* LoginView.swift */; };
		06D26CFCE285EE51CD0B0B0E /* Networking.framework in Frameworks */ = {isa = PBXBuildFile; fileRef = 82F5162632CDD6A8BBCCCC3C /* Networking.framework */; platformFilter = ios; };
		188511661225A901CA6C2279 /* GenderRouter.swift in Sources */ = {isa = PBXBuildFile; fileRef = A7DB39AA7585F22001CA703C /* GenderRouter.swift */; };
		1F57EAA006EF40F8B6F5028C /* AgeInteractor.swift in Sources */ = {isa = PBXBuildFile; fileRef = D9F2F8DD6D1A6BE3DE4F4967 /* AgeInteractor.swift */; };
		29591AAD3FFD33357A7F0572 /* LoginMainViewController.swift in Sources */ = {isa = PBXBuildFile; fileRef = 83E714AD57768426CD6CDEAD /* LoginMainViewController.swift */; };
		33F7153E7375AC679AD43144 /* NickNameRouter.swift in Sources */ = {isa = PBXBuildFile; fileRef = 4FA7A9D90F63851CF86F986A /* NickNameRouter.swift */; };
		39333C0D64BE1CDCF09F21C5 /* NickNameBuilder.swift in Sources */ = {isa = PBXBuildFile; fileRef = BA2A0E129B15AAB06E6F6894 /* NickNameBuilder.swift */; };
		3D32C45E2AF788C9D8EA1466 /* AgeRouter.swift in Sources */ = {isa = PBXBuildFile; fileRef = 416F7AE2595F532F96EA79FE /* AgeRouter.swift */; };
		451AC81235BBDAE54CE314D7 /* LoginMainRouter.swift in Sources */ = {isa = PBXBuildFile; fileRef = 0DC42161F1C62E6A03AC6F99 /* LoginMainRouter.swift */; };
		534D8CA2727D7E896624DBC7 /* NickNameInteractor.swift in Sources */ = {isa = PBXBuildFile; fileRef = 03EE677B69D616837D1C3421 /* NickNameInteractor.swift */; };
		658164F4C3326A85F31BFD43 /* NickNameViewController.swift in Sources */ = {isa = PBXBuildFile; fileRef = E3BB2BF4A194BC2F84902C76 /* NickNameViewController.swift */; };
		6594E7091D7D3E2D91346B28 /* MoodViewController.swift in Sources */ = {isa = PBXBuildFile; fileRef = BFD2DB26E3A2B25F05EB32DD /* MoodViewController.swift */; };
		8095033580D68745F9AD7B54 /* MoodInteractor.swift in Sources */ = {isa = PBXBuildFile; fileRef = BF3CB208E0DC0C18672327AA /* MoodInteractor.swift */; };
		971F81A40F83E972F4F54B41 /* LoginMainBuilder.swift in Sources */ = {isa = PBXBuildFile; fileRef = 293D99C8D142BA60CA47CCC0 /* LoginMainBuilder.swift */; };
		A616CE0E7FCC8EFF45E6738F /* MoodRouter.swift in Sources */ = {isa = PBXBuildFile; fileRef = 1A21591B64537E33E0EE52E9 /* MoodRouter.swift */; };
		AA66CE4D6213C35ECFA384DC /* Util.framework in Frameworks */ = {isa = PBXBuildFile; fileRef = 111D1A79CB7EAB7BDA369813 /* Util.framework */; platformFilter = ios; };
		B68F9202993391C2D5E50283 /* MoodBuilder.swift in Sources */ = {isa = PBXBuildFile; fileRef = 4496B476440F18F44389F0B6 /* MoodBuilder.swift */; };
		B6FBEB2958F87677C9FC9557 /* GenderViewController.swift in Sources */ = {isa = PBXBuildFile; fileRef = 78718CD1513C4208CA14B11C /* GenderViewController.swift */; };
		BA1447347F172DE4651EB9A6 /* Hero in Frameworks */ = {isa = PBXBuildFile; productRef = 7839595B2746D0D522C30D90 /* Hero */; };
		BC06FEAF029E1F8C0C84ED85 /* GenderInteractor.swift in Sources */ = {isa = PBXBuildFile; fileRef = 2ABF66364914A10602DA34FB /* GenderInteractor.swift */; };
		C0B044FCE2BE487261281923 /* TermView.swift in Sources */ = {isa = PBXBuildFile; fileRef = 1B4D244B64542185E6C4829F /* TermView.swift */; };
		D5DA8CBAD0929D29711B9FA0 /* RxSwift in Frameworks */ = {isa = PBXBuildFile; productRef = BA1C87B88199D0AD7FE70894 /* RxSwift */; };
		E01367743430A57E02252E16 /* RxGesture in Frameworks */ = {isa = PBXBuildFile; productRef = 77718C3206BFD086913A6F71 /* RxGesture */; };
		E58BF95A090B4CA68E530901 /* AgeBuilder.swift in Sources */ = {isa = PBXBuildFile; fileRef = 9EF692959895875AEE24D2E2 /* AgeBuilder.swift */; };
		F62869DC1641F14C65C92F9C /* AgeViewController.swift in Sources */ = {isa = PBXBuildFile; fileRef = 3395FFE1CC585A27CB8F9725 /* AgeViewController.swift */; };
		F841FF334E1C6034EABAEDCB /* CommonUI.framework in Frameworks */ = {isa = PBXBuildFile; fileRef = 21D6E91FA13D3D7D7989E850 /* CommonUI.framework */; platformFilter = ios; };
		F9DF39C63EFF75BD58AF12CB /* LoginMainInteractor.swift in Sources */ = {isa = PBXBuildFile; fileRef = E1B037B55F4CC6B5BB890396 /* LoginMainInteractor.swift */; };
		FB885C465F0A1E2AE29F19EB /* GenderBuilder.swift in Sources */ = {isa = PBXBuildFile; fileRef = D6BABAA3CDA2BBBFAEFC76F6 /* GenderBuilder.swift */; };
/* End PBXBuildFile section */

/* Begin PBXCopyFilesBuildPhase section */
		603867D9E1CF1F2DD9B777A0 /* Embed Frameworks */ = {
			isa = PBXCopyFilesBuildPhase;
			buildActionMask = 2147483647;
			dstPath = "";
			dstSubfolderSpec = 10;
			files = (
			);
			name = "Embed Frameworks";
			runOnlyForDeploymentPostprocessing = 0;
		};
/* End PBXCopyFilesBuildPhase section */

/* Begin PBXFileReference section */
		03EE677B69D616837D1C3421 /* NickNameInteractor.swift */ = {isa = PBXFileReference; lastKnownFileType = sourcecode.swift; path = NickNameInteractor.swift; sourceTree = "<group>"; };
		0DC42161F1C62E6A03AC6F99 /* LoginMainRouter.swift */ = {isa = PBXFileReference; lastKnownFileType = sourcecode.swift; path = LoginMainRouter.swift; sourceTree = "<group>"; };
		111D1A79CB7EAB7BDA369813 /* Util.framework */ = {isa = PBXFileReference; explicitFileType = wrapper.framework; includeInIndex = 0; path = Util.framework; sourceTree = BUILT_PRODUCTS_DIR; };
		1A21591B64537E33E0EE52E9 /* MoodRouter.swift */ = {isa = PBXFileReference; lastKnownFileType = sourcecode.swift; path = MoodRouter.swift; sourceTree = "<group>"; };
		1B4D244B64542185E6C4829F /* TermView.swift */ = {isa = PBXFileReference; lastKnownFileType = sourcecode.swift; path = TermView.swift; sourceTree = "<group>"; };
		1F122292170A9B08F370E93A /* Login-Info.plist */ = {isa = PBXFileReference; lastKnownFileType = text.plist; path = "Login-Info.plist"; sourceTree = "<group>"; };
		21D6E91FA13D3D7D7989E850 /* CommonUI.framework */ = {isa = PBXFileReference; explicitFileType = wrapper.framework; includeInIndex = 0; path = CommonUI.framework; sourceTree = BUILT_PRODUCTS_DIR; };
		28C6E6787DFAF624F53D6F5B /* Login.framework */ = {isa = PBXFileReference; explicitFileType = wrapper.framework; includeInIndex = 0; path = Login.framework; sourceTree = BUILT_PRODUCTS_DIR; };
		293D99C8D142BA60CA47CCC0 /* LoginMainBuilder.swift */ = {isa = PBXFileReference; lastKnownFileType = sourcecode.swift; path = LoginMainBuilder.swift; sourceTree = "<group>"; };
		2ABF66364914A10602DA34FB /* GenderInteractor.swift */ = {isa = PBXFileReference; lastKnownFileType = sourcecode.swift; path = GenderInteractor.swift; sourceTree = "<group>"; };
		3395FFE1CC585A27CB8F9725 /* AgeViewController.swift */ = {isa = PBXFileReference; lastKnownFileType = sourcecode.swift; path = AgeViewController.swift; sourceTree = "<group>"; };
		416F7AE2595F532F96EA79FE /* AgeRouter.swift */ = {isa = PBXFileReference; lastKnownFileType = sourcecode.swift; path = AgeRouter.swift; sourceTree = "<group>"; };
		4496B476440F18F44389F0B6 /* MoodBuilder.swift */ = {isa = PBXFileReference; lastKnownFileType = sourcecode.swift; path = MoodBuilder.swift; sourceTree = "<group>"; };
		4FA7A9D90F63851CF86F986A /* NickNameRouter.swift */ = {isa = PBXFileReference; lastKnownFileType = sourcecode.swift; path = NickNameRouter.swift; sourceTree = "<group>"; };
		78718CD1513C4208CA14B11C /* GenderViewController.swift */ = {isa = PBXFileReference; lastKnownFileType = sourcecode.swift; path = GenderViewController.swift; sourceTree = "<group>"; };
		82F5162632CDD6A8BBCCCC3C /* Networking.framework */ = {isa = PBXFileReference; explicitFileType = wrapper.framework; includeInIndex = 0; path = Networking.framework; sourceTree = BUILT_PRODUCTS_DIR; };
		83E714AD57768426CD6CDEAD /* LoginMainViewController.swift */ = {isa = PBXFileReference; lastKnownFileType = sourcecode.swift; path = LoginMainViewController.swift; sourceTree = "<group>"; };
		86BA03B8D05AAC62E0AD725D /* LoginView.swift */ = {isa = PBXFileReference; lastKnownFileType = sourcecode.swift; path = LoginView.swift; sourceTree = "<group>"; };
		9EF692959895875AEE24D2E2 /* AgeBuilder.swift */ = {isa = PBXFileReference; lastKnownFileType = sourcecode.swift; path = AgeBuilder.swift; sourceTree = "<group>"; };
		A7DB39AA7585F22001CA703C /* GenderRouter.swift */ = {isa = PBXFileReference; lastKnownFileType = sourcecode.swift; path = GenderRouter.swift; sourceTree = "<group>"; };
		BA2A0E129B15AAB06E6F6894 /* NickNameBuilder.swift */ = {isa = PBXFileReference; lastKnownFileType = sourcecode.swift; path = NickNameBuilder.swift; sourceTree = "<group>"; };
		BF3CB208E0DC0C18672327AA /* MoodInteractor.swift */ = {isa = PBXFileReference; lastKnownFileType = sourcecode.swift; path = MoodInteractor.swift; sourceTree = "<group>"; };
		BFD2DB26E3A2B25F05EB32DD /* MoodViewController.swift */ = {isa = PBXFileReference; lastKnownFileType = sourcecode.swift; path = MoodViewController.swift; sourceTree = "<group>"; };
		D6BABAA3CDA2BBBFAEFC76F6 /* GenderBuilder.swift */ = {isa = PBXFileReference; lastKnownFileType = sourcecode.swift; path = GenderBuilder.swift; sourceTree = "<group>"; };
		D9F2F8DD6D1A6BE3DE4F4967 /* AgeInteractor.swift */ = {isa = PBXFileReference; lastKnownFileType = sourcecode.swift; path = AgeInteractor.swift; sourceTree = "<group>"; };
		E1B037B55F4CC6B5BB890396 /* LoginMainInteractor.swift */ = {isa = PBXFileReference; lastKnownFileType = sourcecode.swift; path = LoginMainInteractor.swift; sourceTree = "<group>"; };
		E3BB2BF4A194BC2F84902C76 /* NickNameViewController.swift */ = {isa = PBXFileReference; lastKnownFileType = sourcecode.swift; path = NickNameViewController.swift; sourceTree = "<group>"; };
/* End PBXFileReference section */

/* Begin PBXFrameworksBuildPhase section */
		B5E80A847E8ED564AB08F5FC /* Frameworks */ = {
			isa = PBXFrameworksBuildPhase;
			buildActionMask = 2147483647;
			files = (
				F841FF334E1C6034EABAEDCB /* CommonUI.framework in Frameworks */,
				06D26CFCE285EE51CD0B0B0E /* Networking.framework in Frameworks */,
				AA66CE4D6213C35ECFA384DC /* Util.framework in Frameworks */,
				E01367743430A57E02252E16 /* RxGesture in Frameworks */,
				BA1447347F172DE4651EB9A6 /* Hero in Frameworks */,
				D5DA8CBAD0929D29711B9FA0 /* RxSwift in Frameworks */,
			);
			runOnlyForDeploymentPostprocessing = 0;
		};
/* End PBXFrameworksBuildPhase section */

/* Begin PBXGroup section */
		212E49CF4F45A085BC2440DF /* Derived */ = {
			isa = PBXGroup;
			children = (
				47D08CC30AC651152A01B24B /* InfoPlists */,
			);
			path = Derived;
			sourceTree = "<group>";
		};
		275CA20C12D61868FDE00BD5 /* Products */ = {
			isa = PBXGroup;
			children = (
				21D6E91FA13D3D7D7989E850 /* CommonUI.framework */,
				28C6E6787DFAF624F53D6F5B /* Login.framework */,
				82F5162632CDD6A8BBCCCC3C /* Networking.framework */,
				111D1A79CB7EAB7BDA369813 /* Util.framework */,
			);
			name = Products;
			sourceTree = "<group>";
		};
		3CC3CD51502C2286540DF4F5 /* LoginMain */ = {
			isa = PBXGroup;
			children = (
				A690E7D4041124AB9A085D83 /* View */,
				293D99C8D142BA60CA47CCC0 /* LoginMainBuilder.swift */,
				E1B037B55F4CC6B5BB890396 /* LoginMainInteractor.swift */,
				0DC42161F1C62E6A03AC6F99 /* LoginMainRouter.swift */,
				83E714AD57768426CD6CDEAD /* LoginMainViewController.swift */,
			);
			path = LoginMain;
			sourceTree = "<group>";
		};
		47D08CC30AC651152A01B24B /* InfoPlists */ = {
			isa = PBXGroup;
			children = (
				1F122292170A9B08F370E93A /* Login-Info.plist */,
			);
			path = InfoPlists;
			sourceTree = "<group>";
		};
		590DAAA805F7F115A4B4A091 /* Gender */ = {
			isa = PBXGroup;
			children = (
				D6BABAA3CDA2BBBFAEFC76F6 /* GenderBuilder.swift */,
				2ABF66364914A10602DA34FB /* GenderInteractor.swift */,
				A7DB39AA7585F22001CA703C /* GenderRouter.swift */,
				78718CD1513C4208CA14B11C /* GenderViewController.swift */,
			);
			path = Gender;
			sourceTree = "<group>";
		};
		65D5A8B62B41BD7AE439A715 /* Mood */ = {
			isa = PBXGroup;
			children = (
				4496B476440F18F44389F0B6 /* MoodBuilder.swift */,
				BF3CB208E0DC0C18672327AA /* MoodInteractor.swift */,
				1A21591B64537E33E0EE52E9 /* MoodRouter.swift */,
				BFD2DB26E3A2B25F05EB32DD /* MoodViewController.swift */,
			);
			path = Mood;
			sourceTree = "<group>";
		};
		6A94C6BA5CFCFEEAE644E6D0 /* Frameworks */ = {
			isa = PBXGroup;
			children = (
			);
			name = Frameworks;
			sourceTree = "<group>";
		};
		82158BAC7310E834F5971A06 /* Sources */ = {
			isa = PBXGroup;
			children = (
				3CC3CD51502C2286540DF4F5 /* LoginMain */,
				BCBB051467027A266D2C923F /* SignUp */,
			);
			path = Sources;
			sourceTree = "<group>";
		};
		A19BD00EC1C84FD92121B04F /* Project */ = {
			isa = PBXGroup;
			children = (
				212E49CF4F45A085BC2440DF /* Derived */,
				82158BAC7310E834F5971A06 /* Sources */,
			);
			name = Project;
			sourceTree = "<group>";
		};
		A690E7D4041124AB9A085D83 /* View */ = {
			isa = PBXGroup;
			children = (
				86BA03B8D05AAC62E0AD725D /* LoginView.swift */,
				1B4D244B64542185E6C4829F /* TermView.swift */,
			);
			path = View;
			sourceTree = "<group>";
		};
		BCBB051467027A266D2C923F /* SignUp */ = {
			isa = PBXGroup;
			children = (
				FB66B21747C655FA9F63FB4E /* Age */,
				590DAAA805F7F115A4B4A091 /* Gender */,
				65D5A8B62B41BD7AE439A715 /* Mood */,
				EB830A991EBF8BAFC70FBB62 /* Nickname */,
			);
			path = SignUp;
			sourceTree = "<group>";
		};
		E31225F45B959E9057547147 = {
			isa = PBXGroup;
			children = (
				A19BD00EC1C84FD92121B04F /* Project */,
				6A94C6BA5CFCFEEAE644E6D0 /* Frameworks */,
				275CA20C12D61868FDE00BD5 /* Products */,
			);
			sourceTree = "<group>";
		};
		EB830A991EBF8BAFC70FBB62 /* Nickname */ = {
			isa = PBXGroup;
			children = (
				BA2A0E129B15AAB06E6F6894 /* NickNameBuilder.swift */,
				03EE677B69D616837D1C3421 /* NickNameInteractor.swift */,
				4FA7A9D90F63851CF86F986A /* NickNameRouter.swift */,
				E3BB2BF4A194BC2F84902C76 /* NickNameViewController.swift */,
			);
			path = Nickname;
			sourceTree = "<group>";
		};
		FB66B21747C655FA9F63FB4E /* Age */ = {
			isa = PBXGroup;
			children = (
				9EF692959895875AEE24D2E2 /* AgeBuilder.swift */,
				D9F2F8DD6D1A6BE3DE4F4967 /* AgeInteractor.swift */,
				416F7AE2595F532F96EA79FE /* AgeRouter.swift */,
				3395FFE1CC585A27CB8F9725 /* AgeViewController.swift */,
			);
			path = Age;
			sourceTree = "<group>";
		};
/* End PBXGroup section */

/* Begin PBXNativeTarget section */
		EF8CE03A2759141C3B1EAC1D /* Login */ = {
			isa = PBXNativeTarget;
			buildConfigurationList = CF7F2616745712F48F4019C8 /* Build configuration list for PBXNativeTarget "Login" */;
			buildPhases = (
				1F104D658BA55E1F80CBE3F9 /* Sources */,
				81085730C3F08654C2EE26BC /* Resources */,
				603867D9E1CF1F2DD9B777A0 /* Embed Frameworks */,
				B5E80A847E8ED564AB08F5FC /* Frameworks */,
			);
			buildRules = (
			);
			dependencies = (
			);
			name = Login;
			packageProductDependencies = (
				77718C3206BFD086913A6F71 /* RxGesture */,
				7839595B2746D0D522C30D90 /* Hero */,
				BA1C87B88199D0AD7FE70894 /* RxSwift */,
			);
			productName = Login;
			productReference = 28C6E6787DFAF624F53D6F5B /* Login.framework */;
			productType = "com.apple.product-type.framework";
		};
/* End PBXNativeTarget section */

/* Begin PBXProject section */
		353B4020F35CB9C9FFC126AA /* Project object */ = {
			isa = PBXProject;
			attributes = {
				TargetAttributes = {
				};
			};
			buildConfigurationList = 6C10079AF94881EFE73379E4 /* Build configuration list for PBXProject "Login" */;
			compatibilityVersion = "Xcode 13.0";
			developmentRegion = en;
			hasScannedForEncodings = 0;
			knownRegions = (
				Base,
				en,
			);
			mainGroup = E31225F45B959E9057547147;
			packageReferences = (
				C1833B794F4D8ED538254343 /* XCRemoteSwiftPackageReference "Hero" */,
				2D4CE23D11E14AFAB1E332F6 /* XCRemoteSwiftPackageReference "RxSwift" */,
				1334CD3542B3D6A26709FC3F /* XCRemoteSwiftPackageReference "RxGesture" */,
			);
			productRefGroup = 275CA20C12D61868FDE00BD5 /* Products */;
			projectDirPath = "";
			projectRoot = "";
			targets = (
				EF8CE03A2759141C3B1EAC1D /* Login */,
			);
		};
/* End PBXProject section */

/* Begin PBXResourcesBuildPhase section */
		81085730C3F08654C2EE26BC /* Resources */ = {
			isa = PBXResourcesBuildPhase;
			buildActionMask = 2147483647;
			files = (
			);
			runOnlyForDeploymentPostprocessing = 0;
		};
/* End PBXResourcesBuildPhase section */

/* Begin PBXSourcesBuildPhase section */
		1F104D658BA55E1F80CBE3F9 /* Sources */ = {
			isa = PBXSourcesBuildPhase;
			buildActionMask = 2147483647;
			files = (
				971F81A40F83E972F4F54B41 /* LoginMainBuilder.swift in Sources */,
				F9DF39C63EFF75BD58AF12CB /* LoginMainInteractor.swift in Sources */,
				451AC81235BBDAE54CE314D7 /* LoginMainRouter.swift in Sources */,
				29591AAD3FFD33357A7F0572 /* LoginMainViewController.swift in Sources */,
				05ABEBAF530FE13F5452BB60 /* LoginView.swift in Sources */,
				C0B044FCE2BE487261281923 /* TermView.swift in Sources */,
				E58BF95A090B4CA68E530901 /* AgeBuilder.swift in Sources */,
				1F57EAA006EF40F8B6F5028C /* AgeInteractor.swift in Sources */,
				3D32C45E2AF788C9D8EA1466 /* AgeRouter.swift in Sources */,
				F62869DC1641F14C65C92F9C /* AgeViewController.swift in Sources */,
				FB885C465F0A1E2AE29F19EB /* GenderBuilder.swift in Sources */,
				BC06FEAF029E1F8C0C84ED85 /* GenderInteractor.swift in Sources */,
				188511661225A901CA6C2279 /* GenderRouter.swift in Sources */,
				B6FBEB2958F87677C9FC9557 /* GenderViewController.swift in Sources */,
				B68F9202993391C2D5E50283 /* MoodBuilder.swift in Sources */,
				8095033580D68745F9AD7B54 /* MoodInteractor.swift in Sources */,
				A616CE0E7FCC8EFF45E6738F /* MoodRouter.swift in Sources */,
				6594E7091D7D3E2D91346B28 /* MoodViewController.swift in Sources */,
				39333C0D64BE1CDCF09F21C5 /* NickNameBuilder.swift in Sources */,
				534D8CA2727D7E896624DBC7 /* NickNameInteractor.swift in Sources */,
				33F7153E7375AC679AD43144 /* NickNameRouter.swift in Sources */,
				658164F4C3326A85F31BFD43 /* NickNameViewController.swift in Sources */,
			);
			runOnlyForDeploymentPostprocessing = 0;
		};
/* End PBXSourcesBuildPhase section */

/* Begin XCBuildConfiguration section */
		4415BCB70220082B63C7F44A /* Release */ = {
			isa = XCBuildConfiguration;
			buildSettings = {
				CODE_SIGN_IDENTITY = "";
				CURRENT_PROJECT_VERSION = 1;
				DEFINES_MODULE = YES;
				DEVELOPMENT_TEAM = VKGAQDGK5R;
				DYLIB_COMPATIBILITY_VERSION = 1;
				DYLIB_CURRENT_VERSION = 1;
				DYLIB_INSTALL_NAME_BASE = "@rpath";
				GCC_PREPROCESSOR_DEFINITIONS = "FLEXLAYOUT_SWIFT_PACKAGE=1";
				INFOPLIST_FILE = "Derived/InfoPlists/Login-Info.plist";
				INSTALL_PATH = "$(LOCAL_LIBRARY_DIR)/Frameworks";
				IPHONEOS_DEPLOYMENT_TARGET = 15.0;
				LD_RUNPATH_SEARCH_PATHS = (
					"$(inherited)",
					"@executable_path/Frameworks",
					"@loader_path/Frameworks",
				);
				PRODUCT_BUNDLE_IDENTIFIER = com.deco.ios.login;
				PRODUCT_NAME = Login;
				SDKROOT = iphoneos;
				SKIP_INSTALL = YES;
				SUPPORTS_MACCATALYST = NO;
				SUPPORTS_MAC_DESIGNED_FOR_IPHONE_IPAD = YES;
				SWIFT_COMPILATION_MODE = wholemodule;
				SWIFT_OPTIMIZATION_LEVEL = "-Owholemodule";
				SWIFT_VERSION = 5.0;
				TARGETED_DEVICE_FAMILY = 1;
				VERSIONING_SYSTEM = "apple-generic";
				VERSION_INFO_PREFIX = "";
			};
			name = Release;
		};
		8C7F52C3942D2F7B7084C6A7 /* Debug */ = {
			isa = XCBuildConfiguration;
			buildSettings = {
				CODE_SIGN_IDENTITY = "";
				CURRENT_PROJECT_VERSION = 1;
				DEFINES_MODULE = YES;
				DEVELOPMENT_TEAM = VKGAQDGK5R;
				DYLIB_COMPATIBILITY_VERSION = 1;
				DYLIB_CURRENT_VERSION = 1;
				DYLIB_INSTALL_NAME_BASE = "@rpath";
				GCC_PREPROCESSOR_DEFINITIONS = "FLEXLAYOUT_SWIFT_PACKAGE=1";
				INFOPLIST_FILE = "Derived/InfoPlists/Login-Info.plist";
				INSTALL_PATH = "$(LOCAL_LIBRARY_DIR)/Frameworks";
				IPHONEOS_DEPLOYMENT_TARGET = 15.0;
				LD_RUNPATH_SEARCH_PATHS = (
					"$(inherited)",
					"@executable_path/Frameworks",
					"@loader_path/Frameworks",
				);
				PRODUCT_BUNDLE_IDENTIFIER = com.deco.ios.login;
				PRODUCT_NAME = Login;
				SDKROOT = iphoneos;
				SKIP_INSTALL = YES;
				SUPPORTS_MACCATALYST = NO;
				SUPPORTS_MAC_DESIGNED_FOR_IPHONE_IPAD = YES;
				SWIFT_ACTIVE_COMPILATION_CONDITIONS = DEBUG;
				SWIFT_COMPILATION_MODE = singlefile;
				SWIFT_OPTIMIZATION_LEVEL = "-Onone";
				SWIFT_VERSION = 5.0;
				TARGETED_DEVICE_FAMILY = 1;
				VERSIONING_SYSTEM = "apple-generic";
				VERSION_INFO_PREFIX = "";
			};
			name = Debug;
		};
		94B293C2D19EE7C88D8E89AC /* Debug */ = {
			isa = XCBuildConfiguration;
			buildSettings = {
				ALWAYS_SEARCH_USER_PATHS = NO;
				CLANG_ANALYZER_LOCALIZABILITY_NONLOCALIZED = YES;
				CLANG_ANALYZER_NONNULL = YES;
				CLANG_ANALYZER_NUMBER_OBJECT_CONVERSION = YES_AGGRESSIVE;
				CLANG_CXX_LANGUAGE_STANDARD = "gnu++14";
				CLANG_CXX_LIBRARY = "libc++";
				CLANG_ENABLE_MODULES = YES;
				CLANG_ENABLE_OBJC_ARC = YES;
				CLANG_ENABLE_OBJC_WEAK = YES;
				CLANG_WARN_BLOCK_CAPTURE_AUTORELEASING = YES;
				CLANG_WARN_BOOL_CONVERSION = YES;
				CLANG_WARN_COMMA = YES;
				CLANG_WARN_CONSTANT_CONVERSION = YES;
				CLANG_WARN_DEPRECATED_OBJC_IMPLEMENTATIONS = YES;
				CLANG_WARN_DIRECT_OBJC_ISA_USAGE = YES_ERROR;
				CLANG_WARN_DOCUMENTATION_COMMENTS = YES;
				CLANG_WARN_EMPTY_BODY = YES;
				CLANG_WARN_ENUM_CONVERSION = YES;
				CLANG_WARN_INFINITE_RECURSION = YES;
				CLANG_WARN_INT_CONVERSION = YES;
				CLANG_WARN_NON_LITERAL_NULL_CONVERSION = YES;
				CLANG_WARN_OBJC_IMPLICIT_RETAIN_SELF = YES;
				CLANG_WARN_OBJC_LITERAL_CONVERSION = YES;
				CLANG_WARN_OBJC_ROOT_CLASS = YES_ERROR;
				CLANG_WARN_QUOTED_INCLUDE_IN_FRAMEWORK_HEADER = YES;
				CLANG_WARN_RANGE_LOOP_ANALYSIS = YES;
				CLANG_WARN_STRICT_PROTOTYPES = YES;
				CLANG_WARN_SUSPICIOUS_MOVE = YES;
				CLANG_WARN_UNGUARDED_AVAILABILITY = YES_AGGRESSIVE;
				CLANG_WARN_UNREACHABLE_CODE = YES;
				CLANG_WARN__DUPLICATE_METHOD_MATCH = YES;
				COPY_PHASE_STRIP = NO;
				DEAD_CODE_STRIPPING = YES;
				DEBUG_INFORMATION_FORMAT = dwarf;
				ENABLE_STRICT_OBJC_MSGSEND = YES;
				ENABLE_TESTABILITY = YES;
				GCC_C_LANGUAGE_STANDARD = gnu11;
				GCC_DYNAMIC_NO_PIC = NO;
				GCC_NO_COMMON_BLOCKS = YES;
				GCC_OPTIMIZATION_LEVEL = 0;
				GCC_PREPROCESSOR_DEFINITIONS = (
					"DEBUG=1",
					"$(inherited)",
				);
				GCC_WARN_64_TO_32_BIT_CONVERSION = YES;
				GCC_WARN_ABOUT_RETURN_TYPE = YES_ERROR;
				GCC_WARN_UNDECLARED_SELECTOR = YES;
				GCC_WARN_UNINITIALIZED_AUTOS = YES_AGGRESSIVE;
				GCC_WARN_UNUSED_FUNCTION = YES;
				GCC_WARN_UNUSED_VARIABLE = YES;
				MTL_ENABLE_DEBUG_INFO = YES;
				ONLY_ACTIVE_ARCH = YES;
				PRODUCT_NAME = "$(TARGET_NAME)";
			};
			name = Debug;
		};
		BC531DE985308C3E80C777AD /* Release */ = {
			isa = XCBuildConfiguration;
			buildSettings = {
				ALWAYS_SEARCH_USER_PATHS = NO;
				CLANG_ANALYZER_LOCALIZABILITY_NONLOCALIZED = YES;
				CLANG_ANALYZER_NONNULL = YES;
				CLANG_ANALYZER_NUMBER_OBJECT_CONVERSION = YES_AGGRESSIVE;
				CLANG_CXX_LANGUAGE_STANDARD = "gnu++14";
				CLANG_CXX_LIBRARY = "libc++";
				CLANG_ENABLE_MODULES = YES;
				CLANG_ENABLE_OBJC_ARC = YES;
				CLANG_ENABLE_OBJC_WEAK = YES;
				CLANG_WARN_BLOCK_CAPTURE_AUTORELEASING = YES;
				CLANG_WARN_BOOL_CONVERSION = YES;
				CLANG_WARN_COMMA = YES;
				CLANG_WARN_CONSTANT_CONVERSION = YES;
				CLANG_WARN_DEPRECATED_OBJC_IMPLEMENTATIONS = YES;
				CLANG_WARN_DIRECT_OBJC_ISA_USAGE = YES_ERROR;
				CLANG_WARN_DOCUMENTATION_COMMENTS = YES;
				CLANG_WARN_EMPTY_BODY = YES;
				CLANG_WARN_ENUM_CONVERSION = YES;
				CLANG_WARN_INFINITE_RECURSION = YES;
				CLANG_WARN_INT_CONVERSION = YES;
				CLANG_WARN_NON_LITERAL_NULL_CONVERSION = YES;
				CLANG_WARN_OBJC_IMPLICIT_RETAIN_SELF = YES;
				CLANG_WARN_OBJC_LITERAL_CONVERSION = YES;
				CLANG_WARN_OBJC_ROOT_CLASS = YES_ERROR;
				CLANG_WARN_QUOTED_INCLUDE_IN_FRAMEWORK_HEADER = YES;
				CLANG_WARN_RANGE_LOOP_ANALYSIS = YES;
				CLANG_WARN_STRICT_PROTOTYPES = YES;
				CLANG_WARN_SUSPICIOUS_MOVE = YES;
				CLANG_WARN_UNGUARDED_AVAILABILITY = YES_AGGRESSIVE;
				CLANG_WARN_UNREACHABLE_CODE = YES;
				CLANG_WARN__DUPLICATE_METHOD_MATCH = YES;
				COPY_PHASE_STRIP = NO;
				DEAD_CODE_STRIPPING = YES;
				DEBUG_INFORMATION_FORMAT = "dwarf-with-dsym";
				ENABLE_NS_ASSERTIONS = NO;
				ENABLE_STRICT_OBJC_MSGSEND = YES;
				GCC_C_LANGUAGE_STANDARD = gnu11;
				GCC_NO_COMMON_BLOCKS = YES;
				GCC_WARN_64_TO_32_BIT_CONVERSION = YES;
				GCC_WARN_ABOUT_RETURN_TYPE = YES_ERROR;
				GCC_WARN_UNDECLARED_SELECTOR = YES;
				GCC_WARN_UNINITIALIZED_AUTOS = YES_AGGRESSIVE;
				GCC_WARN_UNUSED_FUNCTION = YES;
				GCC_WARN_UNUSED_VARIABLE = YES;
				MTL_ENABLE_DEBUG_INFO = NO;
				PRODUCT_NAME = "$(TARGET_NAME)";
				VALIDATE_PRODUCT = YES;
			};
			name = Release;
		};
/* End XCBuildConfiguration section */

/* Begin XCConfigurationList section */
		6C10079AF94881EFE73379E4 /* Build configuration list for PBXProject "Login" */ = {
			isa = XCConfigurationList;
			buildConfigurations = (
				94B293C2D19EE7C88D8E89AC /* Debug */,
				BC531DE985308C3E80C777AD /* Release */,
			);
			defaultConfigurationIsVisible = 0;
			defaultConfigurationName = Release;
		};
		CF7F2616745712F48F4019C8 /* Build configuration list for PBXNativeTarget "Login" */ = {
			isa = XCConfigurationList;
			buildConfigurations = (
				8C7F52C3942D2F7B7084C6A7 /* Debug */,
				4415BCB70220082B63C7F44A /* Release */,
			);
			defaultConfigurationIsVisible = 0;
			defaultConfigurationName = Release;
		};
/* End XCConfigurationList section */

/* Begin XCRemoteSwiftPackageReference section */
		1334CD3542B3D6A26709FC3F /* XCRemoteSwiftPackageReference "RxGesture" */ = {
			isa = XCRemoteSwiftPackageReference;
			repositoryURL = "https://github.com/RxSwiftCommunity/RxGesture";
			requirement = {
				kind = upToNextMajorVersion;
				minimumVersion = 4.0.0;
			};
		};
		2D4CE23D11E14AFAB1E332F6 /* XCRemoteSwiftPackageReference "RxSwift" */ = {
			isa = XCRemoteSwiftPackageReference;
			repositoryURL = "https://github.com/ReactiveX/RxSwift.git";
			requirement = {
				kind = exactVersion;
				version = 6.5.0;
			};
		};
		C1833B794F4D8ED538254343 /* XCRemoteSwiftPackageReference "Hero" */ = {
			isa = XCRemoteSwiftPackageReference;
			repositoryURL = "https://github.com/HeroTransitions/Hero.git";
			requirement = {
				kind = exactVersion;
				version = 1.5.0;
			};
		};
/* End XCRemoteSwiftPackageReference section */

/* Begin XCSwiftPackageProductDependency section */
		77718C3206BFD086913A6F71 /* RxGesture */ = {
			isa = XCSwiftPackageProductDependency;
			productName = RxGesture;
		};
		7839595B2746D0D522C30D90 /* Hero */ = {
			isa = XCSwiftPackageProductDependency;
			productName = Hero;
		};
		BA1C87B88199D0AD7FE70894 /* RxSwift */ = {
			isa = XCSwiftPackageProductDependency;
			productName = RxSwift;
		};
/* End XCSwiftPackageProductDependency section */
	};
	rootObject = 353B4020F35CB9C9FFC126AA /* Project object */;
}
