// !$*UTF8*$!
{
	archiveVersion = 1;
	classes = {
	};
	objectVersion = 55;
	objects = {

/* Begin PBXBuildFile section */
		0A48B28CDDEE8CE6C65B174A /* DecoImage.swift in Sources */ = {isa = PBXBuildFile; fileRef = 00D2AA4476DC8DFC702A8DB3 /* DecoImage.swift */; };
		0DDB27BFF7A1632F03B3F0EA /* SUIT-Medium.otf in Resources */ = {isa = PBXBuildFile; fileRef = F26FF844FFFBE6F04FE82E77 /* SUIT-Medium.otf */; };
		132E71F17B1D363766B88B84 /* NotoSansKR-Bold.otf in Resources */ = {isa = PBXBuildFile; fileRef = 15CD4B8F263EBED9EE862DEC /* NotoSansKR-Bold.otf */; };
		1DCDDAA94F3E1085D438B026 /* FilterCell.swift in Sources */ = {isa = PBXBuildFile; fileRef = 70058E35F180B1992768019D /* FilterCell.swift */; };
		259FD2F714D7E710266810E9 /* NavigationBar.swift in Sources */ = {isa = PBXBuildFile; fileRef = 6A4B13DE094902818E514DD7 /* NavigationBar.swift */; };
		25D11A48D5BD5B11E545DC64 /* SmallTextCell.swift in Sources */ = {isa = PBXBuildFile; fileRef = BEBC5C9522A829AB27CB37F0 /* SmallTextCell.swift */; };
		265FA00318D779BDB6F197EA /* ProfileView.swift in Sources */ = {isa = PBXBuildFile; fileRef = 8532B1B24B020BF76AEDFF76 /* ProfileView.swift */; };
		26A89C8ABDA7272793E1DF1A /* Image.xcassets in Resources */ = {isa = PBXBuildFile; fileRef = 42C46A1D137F6D04C3967B64 /* Image.xcassets */; };
		2C53CE492A4150E80084DA13 /* PopupViewController.swift in Sources */ = {isa = PBXBuildFile; fileRef = 2C53CE482A4150E80084DA13 /* PopupViewController.swift */; };
		39EC6BCA36C6D9020E2FBEEE /* SUIT-Bold.otf in Resources */ = {isa = PBXBuildFile; fileRef = 7D7B839FF2BD4170FF0A7D18 /* SUIT-Bold.otf */; };
		3B93A3AC2360B6AA4211F43D /* UILabel+Extension.swift in Sources */ = {isa = PBXBuildFile; fileRef = AAB2A151EF61A0078BCB1E57 /* UILabel+Extension.swift */; };
		3E07DEB89DFB0D7F64B67BC4 /* CheckButton.swift in Sources */ = {isa = PBXBuildFile; fileRef = 6E42D1D3EF0292998585D8C3 /* CheckButton.swift */; };
		4D05256CA52D034DF54104C2 /* TouchAnimationView.swift in Sources */ = {isa = PBXBuildFile; fileRef = 411996B5464DF570E5FFE779 /* TouchAnimationView.swift */; };
		50C8C875945C12866235CF8D /* LargeTextCell.swift in Sources */ = {isa = PBXBuildFile; fileRef = 057F2FAEE5915CA0E60B53BC /* LargeTextCell.swift */; };
		5966EA3A5A98067EAFDFAF44 /* BookmarkImageCell.swift in Sources */ = {isa = PBXBuildFile; fileRef = 58F4F859C8E5D9E431515517 /* BookmarkImageCell.swift */; };
		5BC51719418FAA2AD3BB1042 /* DefaultButton.swift in Sources */ = {isa = PBXBuildFile; fileRef = D22F34DD4818748CBA3B0760 /* DefaultButton.swift */; };
		5FBEC3225BA5ECC0C0F9FD87 /* Color.xcassets in Resources */ = {isa = PBXBuildFile; fileRef = 59964AA3F0394760335743EB /* Color.xcassets */; };
		6CF0328438A761B1FD6A8710 /* UIButton+Extension.swift in Sources */ = {isa = PBXBuildFile; fileRef = 0B0E56EBD518E49216647721 /* UIButton+Extension.swift */; };
		714358F8979540D404967A8C /* NotoSansKR-Regular.otf in Resources */ = {isa = PBXBuildFile; fileRef = E38DB27C3893FC63485E721B /* NotoSansKR-Regular.otf */; };
		78B4B46181CA417BE68BF59C /* NotoSansKR-Black.otf in Resources */ = {isa = PBXBuildFile; fileRef = 2EA530434C111C4BB344B33F /* NotoSansKR-Black.otf */; };
		79C9DDFD08B61B5717A7E756 /* SUIT-Thin.otf in Resources */ = {isa = PBXBuildFile; fileRef = 59332FC4BE501E08FBC09008 /* SUIT-Thin.otf */; };
		7B588595AF49828E89039740 /* NotoSansKR-Medium.otf in Resources */ = {isa = PBXBuildFile; fileRef = F7B93756B58D9D39B4C97D24 /* NotoSansKR-Medium.otf */; };
		7B701FE62D4EF108880CB632 /* DecoColor.swift in Sources */ = {isa = PBXBuildFile; fileRef = DCC34201AF7778D74864863C /* DecoColor.swift */; };
		7DC59B80630854028C7C80F4 /* TuistBundle+CommonUI.swift in Sources */ = {isa = PBXBuildFile; fileRef = 94EF204F3CD6F86C6167C300 /* TuistBundle+CommonUI.swift */; };
		7EEACB832494A5A6432EEC72 /* SegmentTableViewCell.swift in Sources */ = {isa = PBXBuildFile; fileRef = 93EB304198EF95CFC2A6D7CE /* SegmentTableViewCell.swift */; };
		8015832F17AC96CA7BBDEA57 /* TuistFonts+CommonUI.swift in Sources */ = {isa = PBXBuildFile; fileRef = 65557C5B1D459C06F72A1C53 /* TuistFonts+CommonUI.swift */; };
		80DD6C7C45A37C7EC93058D7 /* PinLayout in Frameworks */ = {isa = PBXBuildFile; productRef = 63E4D729D36EC9DD73DAA701 /* PinLayout */; };
		81598275117F4F1EAEE6B7A3 /* SUIT-ExtraBold.otf in Resources */ = {isa = PBXBuildFile; fileRef = 1006E85895DAE7BD2F9C0138 /* SUIT-ExtraBold.otf */; };
		8D6E7EA6F5968DD7FD3D9BE7 /* Util.framework in Frameworks */ = {isa = PBXBuildFile; fileRef = D21743CD883A652FEBCA274F /* Util.framework */; platformFilter = ios; };
		915E8F0D979DABD002B163AC /* LinkWithImageView.swift in Sources */ = {isa = PBXBuildFile; fileRef = C730598E1B4A23369A89A00C /* LinkWithImageView.swift */; };
		926300E34AAEEDDCAF9DFBEA /* DecoFont.swift in Sources */ = {isa = PBXBuildFile; fileRef = C0E091AB76783B3931B2DF8B /* DecoFont.swift */; };
		93996CA08EDB1D537507DCA3 /* ImageCell.swift in Sources */ = {isa = PBXBuildFile; fileRef = 80EED652CD9730D72F01A29B /* ImageCell.swift */; };
		957B65F97FE384B4AFD4F050 /* TitleSubtitleView.swift in Sources */ = {isa = PBXBuildFile; fileRef = 823B5C9949AC3082E546F866 /* TitleSubtitleView.swift */; };
		9D4EE787983351E64987F9AF /* ModalViewController.swift in Sources */ = {isa = PBXBuildFile; fileRef = B8816E101C1F7186906D2EF4 /* ModalViewController.swift */; };
		9DA268FB6D09BB0089BAAC0C /* InfoWithTitleView.swift in Sources */ = {isa = PBXBuildFile; fileRef = C53E01A173E441AF6929DC13 /* InfoWithTitleView.swift */; };
		A94C310233472B7075DB333A /* Then in Frameworks */ = {isa = PBXBuildFile; productRef = 5B2370A8BB08E22DA85E65B0 /* Then */; };
		ABB3E7D7A65477D326550231 /* SUIT-Regular.otf in Resources */ = {isa = PBXBuildFile; fileRef = BBDFCECD69448A84AA99E9F7 /* SUIT-Regular.otf */; };
		B4659745A1A98085B68A42C7 /* EditFilterButtonView.swift in Sources */ = {isa = PBXBuildFile; fileRef = 42B47DA7A807F90CEEC2A4E6 /* EditFilterButtonView.swift */; };
		B8E0FC8C06F6503FF33AB1B7 /* UITextField+Extension.swift in Sources */ = {isa = PBXBuildFile; fileRef = BDB70CAC85ED852AB55C26DD /* UITextField+Extension.swift */; };
		B92AD89494DA17495A336B21 /* SUIT-Heavy.otf in Resources */ = {isa = PBXBuildFile; fileRef = 86E3FD9C981C1524E3907F57 /* SUIT-Heavy.otf */; };
		BF3B1D53FB6A082F6BE50966 /* SUIT-ExtraLight.otf in Resources */ = {isa = PBXBuildFile; fileRef = CED5695C335D5BB3770DFCCF /* SUIT-ExtraLight.otf */; };
		C6379C9A1F1988F5E6924D77 /* NotoSansKR-Light.otf in Resources */ = {isa = PBXBuildFile; fileRef = 7C05DBB465D60BCA13477EF8 /* NotoSansKR-Light.otf */; };
		C657246CEF8452B4CEA5C60C /* UIView+Extension.swift in Sources */ = {isa = PBXBuildFile; fileRef = 4BE8D92AE9CC47C9A81DDC00 /* UIView+Extension.swift */; };
		C70C23839F262CD7B4A5C3F5 /* ProfileInfoView.swift in Sources */ = {isa = PBXBuildFile; fileRef = 99087EBC2430BEDBBC95C5F7 /* ProfileInfoView.swift */; };
		C7DE771C5F434A22FB302FA6 /* SUIT-Light.otf in Resources */ = {isa = PBXBuildFile; fileRef = 2AAA16EB10167F4F8A589DF2 /* SUIT-Light.otf */; };
		C94951E661D9DC9D28B56273 /* TuistAssets+CommonUI.swift in Sources */ = {isa = PBXBuildFile; fileRef = 6F625FE1E640FBDB817D76A3 /* TuistAssets+CommonUI.swift */; };
		CBF9EB191E353B25C3DDC36E /* NotoSansKR-Thin.otf in Resources */ = {isa = PBXBuildFile; fileRef = 92B162ACA7CC5EBDFC92444E /* NotoSansKR-Thin.otf */; };
		CC264CDFB484CE6F26F3012A /* UIDevice+Extension.swift in Sources */ = {isa = PBXBuildFile; fileRef = 66F4856DB9F2FDDC0600D87D /* UIDevice+Extension.swift */; };
		CDCF6B004F010F8C75410A5A /* FlexLayout in Frameworks */ = {isa = PBXBuildFile; productRef = D9FA417022B582608592510C /* FlexLayout */; };
		D5F8CCDEC095E3F282F056BE /* SUIT-SemiBold.otf in Resources */ = {isa = PBXBuildFile; fileRef = 5F7A7C2511C18A00FD6038C5 /* SUIT-SemiBold.otf */; };
		E548B3EA2C782F393F284B29 /* SelectedFilterCell.swift in Sources */ = {isa = PBXBuildFile; fileRef = 3E1F9AB6697D8F4730D429E0 /* SelectedFilterCell.swift */; };
		F8794783DA709AB801B7E623 /* ColorFilterCell.swift in Sources */ = {isa = PBXBuildFile; fileRef = 2B7E87AAC5EAA53360489DC8 /* ColorFilterCell.swift */; };
		FBCDFBEF567B818D1EBB1AC4 /* ChildViewCell.swift in Sources */ = {isa = PBXBuildFile; fileRef = 5DD46329CA3B16B5581B9E11 /* ChildViewCell.swift */; };
/* End PBXBuildFile section */

/* Begin PBXCopyFilesBuildPhase section */
		7E5D2362B44E35B4AE269DFE /* Embed Frameworks */ = {
			isa = PBXCopyFilesBuildPhase;
			buildActionMask = 2147483647;
			dstPath = "";
			dstSubfolderSpec = 10;
			files = (
			);
			name = "Embed Frameworks";
			runOnlyForDeploymentPostprocessing = 0;
		};
/* End PBXCopyFilesBuildPhase section */

/* Begin PBXFileReference section */
		00D2AA4476DC8DFC702A8DB3 /* DecoImage.swift */ = {isa = PBXFileReference; lastKnownFileType = sourcecode.swift; path = DecoImage.swift; sourceTree = "<group>"; };
		057F2FAEE5915CA0E60B53BC /* LargeTextCell.swift */ = {isa = PBXFileReference; lastKnownFileType = sourcecode.swift; path = LargeTextCell.swift; sourceTree = "<group>"; };
		0B0E56EBD518E49216647721 /* UIButton+Extension.swift */ = {isa = PBXFileReference; lastKnownFileType = sourcecode.swift; path = "UIButton+Extension.swift"; sourceTree = "<group>"; };
		1006E85895DAE7BD2F9C0138 /* SUIT-ExtraBold.otf */ = {isa = PBXFileReference; lastKnownFileType = file; path = "SUIT-ExtraBold.otf"; sourceTree = "<group>"; };
		15CD4B8F263EBED9EE862DEC /* NotoSansKR-Bold.otf */ = {isa = PBXFileReference; lastKnownFileType = file; path = "NotoSansKR-Bold.otf"; sourceTree = "<group>"; };
		2AAA16EB10167F4F8A589DF2 /* SUIT-Light.otf */ = {isa = PBXFileReference; lastKnownFileType = file; path = "SUIT-Light.otf"; sourceTree = "<group>"; };
		2B7E87AAC5EAA53360489DC8 /* ColorFilterCell.swift */ = {isa = PBXFileReference; lastKnownFileType = sourcecode.swift; path = ColorFilterCell.swift; sourceTree = "<group>"; };
		2C53CE482A4150E80084DA13 /* PopupViewController.swift */ = {isa = PBXFileReference; lastKnownFileType = sourcecode.swift; path = PopupViewController.swift; sourceTree = "<group>"; };
		2EA530434C111C4BB344B33F /* NotoSansKR-Black.otf */ = {isa = PBXFileReference; lastKnownFileType = file; path = "NotoSansKR-Black.otf"; sourceTree = "<group>"; };
		3E1F9AB6697D8F4730D429E0 /* SelectedFilterCell.swift */ = {isa = PBXFileReference; lastKnownFileType = sourcecode.swift; path = SelectedFilterCell.swift; sourceTree = "<group>"; };
		411996B5464DF570E5FFE779 /* TouchAnimationView.swift */ = {isa = PBXFileReference; lastKnownFileType = sourcecode.swift; path = TouchAnimationView.swift; sourceTree = "<group>"; };
		42B47DA7A807F90CEEC2A4E6 /* EditFilterButtonView.swift */ = {isa = PBXFileReference; lastKnownFileType = sourcecode.swift; path = EditFilterButtonView.swift; sourceTree = "<group>"; };
		42C46A1D137F6D04C3967B64 /* Image.xcassets */ = {isa = PBXFileReference; lastKnownFileType = folder.assetcatalog; path = Image.xcassets; sourceTree = "<group>"; };
		4BE8D92AE9CC47C9A81DDC00 /* UIView+Extension.swift */ = {isa = PBXFileReference; lastKnownFileType = sourcecode.swift; path = "UIView+Extension.swift"; sourceTree = "<group>"; };
		58F4F859C8E5D9E431515517 /* BookmarkImageCell.swift */ = {isa = PBXFileReference; lastKnownFileType = sourcecode.swift; path = BookmarkImageCell.swift; sourceTree = "<group>"; };
		59332FC4BE501E08FBC09008 /* SUIT-Thin.otf */ = {isa = PBXFileReference; lastKnownFileType = file; path = "SUIT-Thin.otf"; sourceTree = "<group>"; };
		59964AA3F0394760335743EB /* Color.xcassets */ = {isa = PBXFileReference; lastKnownFileType = folder.assetcatalog; path = Color.xcassets; sourceTree = "<group>"; };
		5DD46329CA3B16B5581B9E11 /* ChildViewCell.swift */ = {isa = PBXFileReference; lastKnownFileType = sourcecode.swift; path = ChildViewCell.swift; sourceTree = "<group>"; };
		5F7A7C2511C18A00FD6038C5 /* SUIT-SemiBold.otf */ = {isa = PBXFileReference; lastKnownFileType = file; path = "SUIT-SemiBold.otf"; sourceTree = "<group>"; };
		65557C5B1D459C06F72A1C53 /* TuistFonts+CommonUI.swift */ = {isa = PBXFileReference; lastKnownFileType = sourcecode.swift; path = "TuistFonts+CommonUI.swift"; sourceTree = "<group>"; };
		66F4856DB9F2FDDC0600D87D /* UIDevice+Extension.swift */ = {isa = PBXFileReference; lastKnownFileType = sourcecode.swift; path = "UIDevice+Extension.swift"; sourceTree = "<group>"; };
		6A4B13DE094902818E514DD7 /* NavigationBar.swift */ = {isa = PBXFileReference; lastKnownFileType = sourcecode.swift; path = NavigationBar.swift; sourceTree = "<group>"; };
		6E42D1D3EF0292998585D8C3 /* CheckButton.swift */ = {isa = PBXFileReference; lastKnownFileType = sourcecode.swift; path = CheckButton.swift; sourceTree = "<group>"; };
		6F625FE1E640FBDB817D76A3 /* TuistAssets+CommonUI.swift */ = {isa = PBXFileReference; lastKnownFileType = sourcecode.swift; path = "TuistAssets+CommonUI.swift"; sourceTree = "<group>"; };
		70058E35F180B1992768019D /* FilterCell.swift */ = {isa = PBXFileReference; lastKnownFileType = sourcecode.swift; path = FilterCell.swift; sourceTree = "<group>"; };
		7C05DBB465D60BCA13477EF8 /* NotoSansKR-Light.otf */ = {isa = PBXFileReference; lastKnownFileType = file; path = "NotoSansKR-Light.otf"; sourceTree = "<group>"; };
		7D7B839FF2BD4170FF0A7D18 /* SUIT-Bold.otf */ = {isa = PBXFileReference; lastKnownFileType = file; path = "SUIT-Bold.otf"; sourceTree = "<group>"; };
		80EED652CD9730D72F01A29B /* ImageCell.swift */ = {isa = PBXFileReference; lastKnownFileType = sourcecode.swift; path = ImageCell.swift; sourceTree = "<group>"; };
		823B5C9949AC3082E546F866 /* TitleSubtitleView.swift */ = {isa = PBXFileReference; lastKnownFileType = sourcecode.swift; path = TitleSubtitleView.swift; sourceTree = "<group>"; };
		8532B1B24B020BF76AEDFF76 /* ProfileView.swift */ = {isa = PBXFileReference; lastKnownFileType = sourcecode.swift; path = ProfileView.swift; sourceTree = "<group>"; };
		86E3FD9C981C1524E3907F57 /* SUIT-Heavy.otf */ = {isa = PBXFileReference; lastKnownFileType = file; path = "SUIT-Heavy.otf"; sourceTree = "<group>"; };
		92B162ACA7CC5EBDFC92444E /* NotoSansKR-Thin.otf */ = {isa = PBXFileReference; lastKnownFileType = file; path = "NotoSansKR-Thin.otf"; sourceTree = "<group>"; };
		93EB304198EF95CFC2A6D7CE /* SegmentTableViewCell.swift */ = {isa = PBXFileReference; lastKnownFileType = sourcecode.swift; path = SegmentTableViewCell.swift; sourceTree = "<group>"; };
		94EF204F3CD6F86C6167C300 /* TuistBundle+CommonUI.swift */ = {isa = PBXFileReference; lastKnownFileType = sourcecode.swift; path = "TuistBundle+CommonUI.swift"; sourceTree = "<group>"; };
		99087EBC2430BEDBBC95C5F7 /* ProfileInfoView.swift */ = {isa = PBXFileReference; lastKnownFileType = sourcecode.swift; path = ProfileInfoView.swift; sourceTree = "<group>"; };
		AAB2A151EF61A0078BCB1E57 /* UILabel+Extension.swift */ = {isa = PBXFileReference; lastKnownFileType = sourcecode.swift; path = "UILabel+Extension.swift"; sourceTree = "<group>"; };
		B8816E101C1F7186906D2EF4 /* ModalViewController.swift */ = {isa = PBXFileReference; lastKnownFileType = sourcecode.swift; path = ModalViewController.swift; sourceTree = "<group>"; };
		BBDFCECD69448A84AA99E9F7 /* SUIT-Regular.otf */ = {isa = PBXFileReference; lastKnownFileType = file; path = "SUIT-Regular.otf"; sourceTree = "<group>"; };
		BDB70CAC85ED852AB55C26DD /* UITextField+Extension.swift */ = {isa = PBXFileReference; lastKnownFileType = sourcecode.swift; path = "UITextField+Extension.swift"; sourceTree = "<group>"; };
		BEBC5C9522A829AB27CB37F0 /* SmallTextCell.swift */ = {isa = PBXFileReference; lastKnownFileType = sourcecode.swift; path = SmallTextCell.swift; sourceTree = "<group>"; };
		C0E091AB76783B3931B2DF8B /* DecoFont.swift */ = {isa = PBXFileReference; lastKnownFileType = sourcecode.swift; path = DecoFont.swift; sourceTree = "<group>"; };
		C53E01A173E441AF6929DC13 /* InfoWithTitleView.swift */ = {isa = PBXFileReference; lastKnownFileType = sourcecode.swift; path = InfoWithTitleView.swift; sourceTree = "<group>"; };
		C730598E1B4A23369A89A00C /* LinkWithImageView.swift */ = {isa = PBXFileReference; lastKnownFileType = sourcecode.swift; path = LinkWithImageView.swift; sourceTree = "<group>"; };
		CDBD62030B65AE3A6A7F34D6 /* CommonUI-Info.plist */ = {isa = PBXFileReference; lastKnownFileType = text.plist; path = "CommonUI-Info.plist"; sourceTree = "<group>"; };
		CED5695C335D5BB3770DFCCF /* SUIT-ExtraLight.otf */ = {isa = PBXFileReference; lastKnownFileType = file; path = "SUIT-ExtraLight.otf"; sourceTree = "<group>"; };
		D21743CD883A652FEBCA274F /* Util.framework */ = {isa = PBXFileReference; explicitFileType = wrapper.framework; includeInIndex = 0; path = Util.framework; sourceTree = BUILT_PRODUCTS_DIR; };
		D22F34DD4818748CBA3B0760 /* DefaultButton.swift */ = {isa = PBXFileReference; lastKnownFileType = sourcecode.swift; path = DefaultButton.swift; sourceTree = "<group>"; };
		DCC34201AF7778D74864863C /* DecoColor.swift */ = {isa = PBXFileReference; lastKnownFileType = sourcecode.swift; path = DecoColor.swift; sourceTree = "<group>"; };
		E38DB27C3893FC63485E721B /* NotoSansKR-Regular.otf */ = {isa = PBXFileReference; lastKnownFileType = file; path = "NotoSansKR-Regular.otf"; sourceTree = "<group>"; };
		F0F7A08F911F04FE3F6FE36B /* CommonUI.framework */ = {isa = PBXFileReference; explicitFileType = wrapper.framework; includeInIndex = 0; path = CommonUI.framework; sourceTree = BUILT_PRODUCTS_DIR; };
		F26FF844FFFBE6F04FE82E77 /* SUIT-Medium.otf */ = {isa = PBXFileReference; lastKnownFileType = file; path = "SUIT-Medium.otf"; sourceTree = "<group>"; };
		F7B93756B58D9D39B4C97D24 /* NotoSansKR-Medium.otf */ = {isa = PBXFileReference; lastKnownFileType = file; path = "NotoSansKR-Medium.otf"; sourceTree = "<group>"; };
/* End PBXFileReference section */

/* Begin PBXFrameworksBuildPhase section */
		019024A9B9C2876B4A2475B2 /* Frameworks */ = {
			isa = PBXFrameworksBuildPhase;
			buildActionMask = 2147483647;
			files = (
				8D6E7EA6F5968DD7FD3D9BE7 /* Util.framework in Frameworks */,
				CDCF6B004F010F8C75410A5A /* FlexLayout in Frameworks */,
				80DD6C7C45A37C7EC93058D7 /* PinLayout in Frameworks */,
				A94C310233472B7075DB333A /* Then in Frameworks */,
			);
			runOnlyForDeploymentPostprocessing = 0;
		};
/* End PBXFrameworksBuildPhase section */

/* Begin PBXGroup section */
		0559206105CFA6813150DAF7 /* Resources */ = {
			isa = PBXGroup;
			children = (
				2CB9B041D0482E219F735CBC /* Color */,
				26936B36B5F9171A92DA00FC /* Fonts */,
				9C1A096F3230FBDAD3D47CE4 /* Image */,
			);
			path = Resources;
			sourceTree = "<group>";
		};
		0F49D4827BA050D487C56BDB /* InfoPlists */ = {
			isa = PBXGroup;
			children = (
				CDBD62030B65AE3A6A7F34D6 /* CommonUI-Info.plist */,
			);
			path = InfoPlists;
			sourceTree = "<group>";
		};
		26936B36B5F9171A92DA00FC /* Fonts */ = {
			isa = PBXGroup;
			children = (
				2EA530434C111C4BB344B33F /* NotoSansKR-Black.otf */,
				15CD4B8F263EBED9EE862DEC /* NotoSansKR-Bold.otf */,
				7C05DBB465D60BCA13477EF8 /* NotoSansKR-Light.otf */,
				F7B93756B58D9D39B4C97D24 /* NotoSansKR-Medium.otf */,
				E38DB27C3893FC63485E721B /* NotoSansKR-Regular.otf */,
				92B162ACA7CC5EBDFC92444E /* NotoSansKR-Thin.otf */,
				7D7B839FF2BD4170FF0A7D18 /* SUIT-Bold.otf */,
				1006E85895DAE7BD2F9C0138 /* SUIT-ExtraBold.otf */,
				CED5695C335D5BB3770DFCCF /* SUIT-ExtraLight.otf */,
				86E3FD9C981C1524E3907F57 /* SUIT-Heavy.otf */,
				2AAA16EB10167F4F8A589DF2 /* SUIT-Light.otf */,
				F26FF844FFFBE6F04FE82E77 /* SUIT-Medium.otf */,
				BBDFCECD69448A84AA99E9F7 /* SUIT-Regular.otf */,
				5F7A7C2511C18A00FD6038C5 /* SUIT-SemiBold.otf */,
				59332FC4BE501E08FBC09008 /* SUIT-Thin.otf */,
			);
			path = Fonts;
			sourceTree = "<group>";
		};
		2CB9B041D0482E219F735CBC /* Color */ = {
			isa = PBXGroup;
			children = (
				59964AA3F0394760335743EB /* Color.xcassets */,
			);
			path = Color;
			sourceTree = "<group>";
		};
		3B864CC9A7BDA0D784A63DD5 /* Assets */ = {
			isa = PBXGroup;
			children = (
				DCC34201AF7778D74864863C /* DecoColor.swift */,
				C0E091AB76783B3931B2DF8B /* DecoFont.swift */,
				00D2AA4476DC8DFC702A8DB3 /* DecoImage.swift */,
			);
			path = Assets;
			sourceTree = "<group>";
		};
		45816E8E783249B256914008 /* Extension */ = {
			isa = PBXGroup;
			children = (
				3B864CC9A7BDA0D784A63DD5 /* Assets */,
				0B0E56EBD518E49216647721 /* UIButton+Extension.swift */,
				66F4856DB9F2FDDC0600D87D /* UIDevice+Extension.swift */,
				AAB2A151EF61A0078BCB1E57 /* UILabel+Extension.swift */,
				BDB70CAC85ED852AB55C26DD /* UITextField+Extension.swift */,
				4BE8D92AE9CC47C9A81DDC00 /* UIView+Extension.swift */,
			);
			path = Extension;
			sourceTree = "<group>";
		};
		6C37E0F3E17EB24142CC8AA4 /* Project */ = {
			isa = PBXGroup;
			children = (
				ED0A8ABB0829010226C84076 /* Derived */,
				0559206105CFA6813150DAF7 /* Resources */,
				BADD047B94176A526A5B7FB2 /* Sources */,
			);
			name = Project;
			sourceTree = "<group>";
		};
		869D9F17D0C5CE03A4161A0C /* Cells */ = {
			isa = PBXGroup;
			children = (
				58F4F859C8E5D9E431515517 /* BookmarkImageCell.swift */,
				5DD46329CA3B16B5581B9E11 /* ChildViewCell.swift */,
				2B7E87AAC5EAA53360489DC8 /* ColorFilterCell.swift */,
				70058E35F180B1992768019D /* FilterCell.swift */,
				80EED652CD9730D72F01A29B /* ImageCell.swift */,
				057F2FAEE5915CA0E60B53BC /* LargeTextCell.swift */,
				93EB304198EF95CFC2A6D7CE /* SegmentTableViewCell.swift */,
				3E1F9AB6697D8F4730D429E0 /* SelectedFilterCell.swift */,
				BEBC5C9522A829AB27CB37F0 /* SmallTextCell.swift */,
			);
			path = Cells;
			sourceTree = "<group>";
		};
		9C1A096F3230FBDAD3D47CE4 /* Image */ = {
			isa = PBXGroup;
			children = (
				42C46A1D137F6D04C3967B64 /* Image.xcassets */,
			);
			path = Image;
			sourceTree = "<group>";
		};
		A60664CAE36A32F91A6EAB45 /* Profile */ = {
			isa = PBXGroup;
			children = (
				99087EBC2430BEDBBC95C5F7 /* ProfileInfoView.swift */,
				8532B1B24B020BF76AEDFF76 /* ProfileView.swift */,
			);
			path = Profile;
			sourceTree = "<group>";
		};
		B7342C91FB26C6BB1D507B58 = {
			isa = PBXGroup;
			children = (
				6C37E0F3E17EB24142CC8AA4 /* Project */,
				B7B1DEC0973D64A42466F1E7 /* Frameworks */,
				E9599493962ACA9F628F96AD /* Products */,
			);
			sourceTree = "<group>";
		};
		B7B1DEC0973D64A42466F1E7 /* Frameworks */ = {
			isa = PBXGroup;
			children = (
			);
			name = Frameworks;
			sourceTree = "<group>";
		};
		BADD047B94176A526A5B7FB2 /* Sources */ = {
			isa = PBXGroup;
			children = (
				BCBFE28A82364D98B26F502F /* Component */,
				45816E8E783249B256914008 /* Extension */,
			);
			path = Sources;
			sourceTree = "<group>";
		};
		BCBFE28A82364D98B26F502F /* Component */ = {
			isa = PBXGroup;
			children = (
				CDF2AE5ED91B4D29A079EB91 /* Base */,
				FFD1446DE747CE010D4268D6 /* Buttons */,
				869D9F17D0C5CE03A4161A0C /* Cells */,
				EAEAEB2B0A978F44126F19FA /* Views */,
			);
			path = Component;
			sourceTree = "<group>";
		};
		CDF2AE5ED91B4D29A079EB91 /* Base */ = {
			isa = PBXGroup;
			children = (
				B8816E101C1F7186906D2EF4 /* ModalViewController.swift */,
				2C53CE482A4150E80084DA13 /* PopupViewController.swift */,
			);
			path = Base;
			sourceTree = "<group>";
		};
		E9599493962ACA9F628F96AD /* Products */ = {
			isa = PBXGroup;
			children = (
				F0F7A08F911F04FE3F6FE36B /* CommonUI.framework */,
				D21743CD883A652FEBCA274F /* Util.framework */,
			);
			name = Products;
			sourceTree = "<group>";
		};
		EAEAEB2B0A978F44126F19FA /* Views */ = {
			isa = PBXGroup;
			children = (
				A60664CAE36A32F91A6EAB45 /* Profile */,
				42B47DA7A807F90CEEC2A4E6 /* EditFilterButtonView.swift */,
				C53E01A173E441AF6929DC13 /* InfoWithTitleView.swift */,
				C730598E1B4A23369A89A00C /* LinkWithImageView.swift */,
				6A4B13DE094902818E514DD7 /* NavigationBar.swift */,
				823B5C9949AC3082E546F866 /* TitleSubtitleView.swift */,
				411996B5464DF570E5FFE779 /* TouchAnimationView.swift */,
			);
			path = Views;
			sourceTree = "<group>";
		};
		ED0A8ABB0829010226C84076 /* Derived */ = {
			isa = PBXGroup;
			children = (
				0F49D4827BA050D487C56BDB /* InfoPlists */,
				FD4BF00B0AE4D6F21A22093D /* Sources */,
			);
			path = Derived;
			sourceTree = "<group>";
		};
		FD4BF00B0AE4D6F21A22093D /* Sources */ = {
			isa = PBXGroup;
			children = (
				6F625FE1E640FBDB817D76A3 /* TuistAssets+CommonUI.swift */,
				94EF204F3CD6F86C6167C300 /* TuistBundle+CommonUI.swift */,
				65557C5B1D459C06F72A1C53 /* TuistFonts+CommonUI.swift */,
			);
			path = Sources;
			sourceTree = "<group>";
		};
		FFD1446DE747CE010D4268D6 /* Buttons */ = {
			isa = PBXGroup;
			children = (
				6E42D1D3EF0292998585D8C3 /* CheckButton.swift */,
				D22F34DD4818748CBA3B0760 /* DefaultButton.swift */,
			);
			path = Buttons;
			sourceTree = "<group>";
		};
/* End PBXGroup section */

/* Begin PBXNativeTarget section */
		CFD7DEB690E20277121FAD5C /* CommonUI */ = {
			isa = PBXNativeTarget;
			buildConfigurationList = C1AED4BFC5CCF862DE9E868E /* Build configuration list for PBXNativeTarget "CommonUI" */;
			buildPhases = (
				CA007B15C97B01A9EAFEDFD9 /* Sources */,
				CB6B4419FC4745B0E87B8C68 /* Resources */,
				7E5D2362B44E35B4AE269DFE /* Embed Frameworks */,
				019024A9B9C2876B4A2475B2 /* Frameworks */,
			);
			buildRules = (
			);
			dependencies = (
			);
			name = CommonUI;
			packageProductDependencies = (
				D9FA417022B582608592510C /* FlexLayout */,
				63E4D729D36EC9DD73DAA701 /* PinLayout */,
				5B2370A8BB08E22DA85E65B0 /* Then */,
			);
			productName = CommonUI;
			productReference = F0F7A08F911F04FE3F6FE36B /* CommonUI.framework */;
			productType = "com.apple.product-type.framework";
		};
/* End PBXNativeTarget section */

/* Begin PBXProject section */
		C67E63A1F9DE3A88CFB79F4C /* Project object */ = {
			isa = PBXProject;
			attributes = {
			};
			buildConfigurationList = 26B57D5F96290632B0503228 /* Build configuration list for PBXProject "CommonUI" */;
			compatibilityVersion = "Xcode 13.0";
			developmentRegion = en;
			hasScannedForEncodings = 0;
			knownRegions = (
				Base,
				en,
			);
			mainGroup = B7342C91FB26C6BB1D507B58;
			packageReferences = (
				2392CCFF28DF085A145A5F28 /* XCRemoteSwiftPackageReference "Then" */,
				0A1B8207C234F83819CFEE85 /* XCRemoteSwiftPackageReference "FlexLayout" */,
				FD72C74FAD5CCE37549C7C9D /* XCRemoteSwiftPackageReference "PinLayout" */,
			);
			productRefGroup = E9599493962ACA9F628F96AD /* Products */;
			projectDirPath = "";
			projectRoot = "";
			targets = (
				CFD7DEB690E20277121FAD5C /* CommonUI */,
			);
		};
/* End PBXProject section */

/* Begin PBXResourcesBuildPhase section */
		CB6B4419FC4745B0E87B8C68 /* Resources */ = {
			isa = PBXResourcesBuildPhase;
			buildActionMask = 2147483647;
			files = (
				5FBEC3225BA5ECC0C0F9FD87 /* Color.xcassets in Resources */,
				78B4B46181CA417BE68BF59C /* NotoSansKR-Black.otf in Resources */,
				132E71F17B1D363766B88B84 /* NotoSansKR-Bold.otf in Resources */,
				C6379C9A1F1988F5E6924D77 /* NotoSansKR-Light.otf in Resources */,
				7B588595AF49828E89039740 /* NotoSansKR-Medium.otf in Resources */,
				714358F8979540D404967A8C /* NotoSansKR-Regular.otf in Resources */,
				CBF9EB191E353B25C3DDC36E /* NotoSansKR-Thin.otf in Resources */,
				39EC6BCA36C6D9020E2FBEEE /* SUIT-Bold.otf in Resources */,
				81598275117F4F1EAEE6B7A3 /* SUIT-ExtraBold.otf in Resources */,
				BF3B1D53FB6A082F6BE50966 /* SUIT-ExtraLight.otf in Resources */,
				B92AD89494DA17495A336B21 /* SUIT-Heavy.otf in Resources */,
				C7DE771C5F434A22FB302FA6 /* SUIT-Light.otf in Resources */,
				0DDB27BFF7A1632F03B3F0EA /* SUIT-Medium.otf in Resources */,
				ABB3E7D7A65477D326550231 /* SUIT-Regular.otf in Resources */,
				D5F8CCDEC095E3F282F056BE /* SUIT-SemiBold.otf in Resources */,
				79C9DDFD08B61B5717A7E756 /* SUIT-Thin.otf in Resources */,
				26A89C8ABDA7272793E1DF1A /* Image.xcassets in Resources */,
			);
			runOnlyForDeploymentPostprocessing = 0;
		};
/* End PBXResourcesBuildPhase section */

/* Begin PBXSourcesBuildPhase section */
		CA007B15C97B01A9EAFEDFD9 /* Sources */ = {
			isa = PBXSourcesBuildPhase;
			buildActionMask = 2147483647;
			files = (
				C94951E661D9DC9D28B56273 /* TuistAssets+CommonUI.swift in Sources */,
				7DC59B80630854028C7C80F4 /* TuistBundle+CommonUI.swift in Sources */,
				8015832F17AC96CA7BBDEA57 /* TuistFonts+CommonUI.swift in Sources */,
				9D4EE787983351E64987F9AF /* ModalViewController.swift in Sources */,
				3E07DEB89DFB0D7F64B67BC4 /* CheckButton.swift in Sources */,
				5BC51719418FAA2AD3BB1042 /* DefaultButton.swift in Sources */,
				5966EA3A5A98067EAFDFAF44 /* BookmarkImageCell.swift in Sources */,
				2C53CE492A4150E80084DA13 /* PopupViewController.swift in Sources */,
				FBCDFBEF567B818D1EBB1AC4 /* ChildViewCell.swift in Sources */,
				F8794783DA709AB801B7E623 /* ColorFilterCell.swift in Sources */,
				1DCDDAA94F3E1085D438B026 /* FilterCell.swift in Sources */,
				93996CA08EDB1D537507DCA3 /* ImageCell.swift in Sources */,
				50C8C875945C12866235CF8D /* LargeTextCell.swift in Sources */,
				7EEACB832494A5A6432EEC72 /* SegmentTableViewCell.swift in Sources */,
				E548B3EA2C782F393F284B29 /* SelectedFilterCell.swift in Sources */,
				25D11A48D5BD5B11E545DC64 /* SmallTextCell.swift in Sources */,
				B4659745A1A98085B68A42C7 /* EditFilterButtonView.swift in Sources */,
				9DA268FB6D09BB0089BAAC0C /* InfoWithTitleView.swift in Sources */,
				915E8F0D979DABD002B163AC /* LinkWithImageView.swift in Sources */,
				259FD2F714D7E710266810E9 /* NavigationBar.swift in Sources */,
				C70C23839F262CD7B4A5C3F5 /* ProfileInfoView.swift in Sources */,
				265FA00318D779BDB6F197EA /* ProfileView.swift in Sources */,
				957B65F97FE384B4AFD4F050 /* TitleSubtitleView.swift in Sources */,
				4D05256CA52D034DF54104C2 /* TouchAnimationView.swift in Sources */,
				7B701FE62D4EF108880CB632 /* DecoColor.swift in Sources */,
				926300E34AAEEDDCAF9DFBEA /* DecoFont.swift in Sources */,
				0A48B28CDDEE8CE6C65B174A /* DecoImage.swift in Sources */,
				6CF0328438A761B1FD6A8710 /* UIButton+Extension.swift in Sources */,
				CC264CDFB484CE6F26F3012A /* UIDevice+Extension.swift in Sources */,
				3B93A3AC2360B6AA4211F43D /* UILabel+Extension.swift in Sources */,
				B8E0FC8C06F6503FF33AB1B7 /* UITextField+Extension.swift in Sources */,
				C657246CEF8452B4CEA5C60C /* UIView+Extension.swift in Sources */,
			);
			runOnlyForDeploymentPostprocessing = 0;
		};
/* End PBXSourcesBuildPhase section */

/* Begin XCBuildConfiguration section */
		0E4E1CF27F4999888314DD6E /* Release */ = {
			isa = XCBuildConfiguration;
			buildSettings = {
				CODE_SIGN_IDENTITY = "";
				CURRENT_PROJECT_VERSION = 1;
				DEFINES_MODULE = YES;
				DEVELOPMENT_TEAM = VKGAQDGK5R;
				DYLIB_COMPATIBILITY_VERSION = 1;
				DYLIB_CURRENT_VERSION = 1;
				DYLIB_INSTALL_NAME_BASE = "@rpath";
				GCC_PREPROCESSOR_DEFINITIONS = "FLEXLAYOUT_SWIFT_PACKAGE=1";
				INFOPLIST_FILE = "Derived/InfoPlists/CommonUI-Info.plist";
				INSTALL_PATH = "$(LOCAL_LIBRARY_DIR)/Frameworks";
				IPHONEOS_DEPLOYMENT_TARGET = 15.0;
				LD_RUNPATH_SEARCH_PATHS = (
					"$(inherited)",
					"@executable_path/Frameworks",
					"@loader_path/Frameworks",
				);
				PRODUCT_BUNDLE_IDENTIFIER = com.deco.ios.CommonUI;
				PRODUCT_NAME = CommonUI;
				SDKROOT = iphoneos;
				SKIP_INSTALL = YES;
				SUPPORTS_MACCATALYST = NO;
				SUPPORTS_MAC_DESIGNED_FOR_IPHONE_IPAD = YES;
				SWIFT_COMPILATION_MODE = wholemodule;
				SWIFT_OPTIMIZATION_LEVEL = "-Owholemodule";
				SWIFT_VERSION = 5.0;
				TARGETED_DEVICE_FAMILY = 1;
				VERSIONING_SYSTEM = "apple-generic";
				VERSION_INFO_PREFIX = "";
			};
			name = Release;
		};
		2356568DA9065EA61F6C326C /* Release */ = {
			isa = XCBuildConfiguration;
			buildSettings = {
				ALWAYS_SEARCH_USER_PATHS = NO;
				CLANG_ANALYZER_LOCALIZABILITY_NONLOCALIZED = YES;
				CLANG_ANALYZER_NONNULL = YES;
				CLANG_ANALYZER_NUMBER_OBJECT_CONVERSION = YES_AGGRESSIVE;
				CLANG_CXX_LANGUAGE_STANDARD = "gnu++14";
				CLANG_CXX_LIBRARY = "libc++";
				CLANG_ENABLE_MODULES = YES;
				CLANG_ENABLE_OBJC_ARC = YES;
				CLANG_ENABLE_OBJC_WEAK = YES;
				CLANG_WARN_BLOCK_CAPTURE_AUTORELEASING = YES;
				CLANG_WARN_BOOL_CONVERSION = YES;
				CLANG_WARN_COMMA = YES;
				CLANG_WARN_CONSTANT_CONVERSION = YES;
				CLANG_WARN_DEPRECATED_OBJC_IMPLEMENTATIONS = YES;
				CLANG_WARN_DIRECT_OBJC_ISA_USAGE = YES_ERROR;
				CLANG_WARN_DOCUMENTATION_COMMENTS = YES;
				CLANG_WARN_EMPTY_BODY = YES;
				CLANG_WARN_ENUM_CONVERSION = YES;
				CLANG_WARN_INFINITE_RECURSION = YES;
				CLANG_WARN_INT_CONVERSION = YES;
				CLANG_WARN_NON_LITERAL_NULL_CONVERSION = YES;
				CLANG_WARN_OBJC_IMPLICIT_RETAIN_SELF = YES;
				CLANG_WARN_OBJC_LITERAL_CONVERSION = YES;
				CLANG_WARN_OBJC_ROOT_CLASS = YES_ERROR;
				CLANG_WARN_QUOTED_INCLUDE_IN_FRAMEWORK_HEADER = YES;
				CLANG_WARN_RANGE_LOOP_ANALYSIS = YES;
				CLANG_WARN_STRICT_PROTOTYPES = YES;
				CLANG_WARN_SUSPICIOUS_MOVE = YES;
				CLANG_WARN_UNGUARDED_AVAILABILITY = YES_AGGRESSIVE;
				CLANG_WARN_UNREACHABLE_CODE = YES;
				CLANG_WARN__DUPLICATE_METHOD_MATCH = YES;
				COPY_PHASE_STRIP = NO;
				DEAD_CODE_STRIPPING = YES;
				DEBUG_INFORMATION_FORMAT = "dwarf-with-dsym";
				ENABLE_NS_ASSERTIONS = NO;
				ENABLE_STRICT_OBJC_MSGSEND = YES;
				GCC_C_LANGUAGE_STANDARD = gnu11;
				GCC_NO_COMMON_BLOCKS = YES;
				GCC_WARN_64_TO_32_BIT_CONVERSION = YES;
				GCC_WARN_ABOUT_RETURN_TYPE = YES_ERROR;
				GCC_WARN_UNDECLARED_SELECTOR = YES;
				GCC_WARN_UNINITIALIZED_AUTOS = YES_AGGRESSIVE;
				GCC_WARN_UNUSED_FUNCTION = YES;
				GCC_WARN_UNUSED_VARIABLE = YES;
				MTL_ENABLE_DEBUG_INFO = NO;
				PRODUCT_NAME = "$(TARGET_NAME)";
				VALIDATE_PRODUCT = YES;
			};
			name = Release;
		};
		80E77F13FB31D98A578B4C4D /* Debug */ = {
			isa = XCBuildConfiguration;
			buildSettings = {
				CODE_SIGN_IDENTITY = "";
				CURRENT_PROJECT_VERSION = 1;
				DEFINES_MODULE = YES;
				DEVELOPMENT_TEAM = VKGAQDGK5R;
				DYLIB_COMPATIBILITY_VERSION = 1;
				DYLIB_CURRENT_VERSION = 1;
				DYLIB_INSTALL_NAME_BASE = "@rpath";
				GCC_PREPROCESSOR_DEFINITIONS = "FLEXLAYOUT_SWIFT_PACKAGE=1";
				INFOPLIST_FILE = "Derived/InfoPlists/CommonUI-Info.plist";
				INSTALL_PATH = "$(LOCAL_LIBRARY_DIR)/Frameworks";
				IPHONEOS_DEPLOYMENT_TARGET = 15.0;
				LD_RUNPATH_SEARCH_PATHS = (
					"$(inherited)",
					"@executable_path/Frameworks",
					"@loader_path/Frameworks",
				);
				PRODUCT_BUNDLE_IDENTIFIER = com.deco.ios.CommonUI;
				PRODUCT_NAME = CommonUI;
				SDKROOT = iphoneos;
				SKIP_INSTALL = YES;
				SUPPORTS_MACCATALYST = NO;
				SUPPORTS_MAC_DESIGNED_FOR_IPHONE_IPAD = YES;
				SWIFT_ACTIVE_COMPILATION_CONDITIONS = DEBUG;
				SWIFT_COMPILATION_MODE = singlefile;
				SWIFT_OPTIMIZATION_LEVEL = "-Onone";
				SWIFT_VERSION = 5.0;
				TARGETED_DEVICE_FAMILY = 1;
				VERSIONING_SYSTEM = "apple-generic";
				VERSION_INFO_PREFIX = "";
			};
			name = Debug;
		};
		97D3BBAC2BAA043EAC284BF9 /* Debug */ = {
			isa = XCBuildConfiguration;
			buildSettings = {
				ALWAYS_SEARCH_USER_PATHS = NO;
				CLANG_ANALYZER_LOCALIZABILITY_NONLOCALIZED = YES;
				CLANG_ANALYZER_NONNULL = YES;
				CLANG_ANALYZER_NUMBER_OBJECT_CONVERSION = YES_AGGRESSIVE;
				CLANG_CXX_LANGUAGE_STANDARD = "gnu++14";
				CLANG_CXX_LIBRARY = "libc++";
				CLANG_ENABLE_MODULES = YES;
				CLANG_ENABLE_OBJC_ARC = YES;
				CLANG_ENABLE_OBJC_WEAK = YES;
				CLANG_WARN_BLOCK_CAPTURE_AUTORELEASING = YES;
				CLANG_WARN_BOOL_CONVERSION = YES;
				CLANG_WARN_COMMA = YES;
				CLANG_WARN_CONSTANT_CONVERSION = YES;
				CLANG_WARN_DEPRECATED_OBJC_IMPLEMENTATIONS = YES;
				CLANG_WARN_DIRECT_OBJC_ISA_USAGE = YES_ERROR;
				CLANG_WARN_DOCUMENTATION_COMMENTS = YES;
				CLANG_WARN_EMPTY_BODY = YES;
				CLANG_WARN_ENUM_CONVERSION = YES;
				CLANG_WARN_INFINITE_RECURSION = YES;
				CLANG_WARN_INT_CONVERSION = YES;
				CLANG_WARN_NON_LITERAL_NULL_CONVERSION = YES;
				CLANG_WARN_OBJC_IMPLICIT_RETAIN_SELF = YES;
				CLANG_WARN_OBJC_LITERAL_CONVERSION = YES;
				CLANG_WARN_OBJC_ROOT_CLASS = YES_ERROR;
				CLANG_WARN_QUOTED_INCLUDE_IN_FRAMEWORK_HEADER = YES;
				CLANG_WARN_RANGE_LOOP_ANALYSIS = YES;
				CLANG_WARN_STRICT_PROTOTYPES = YES;
				CLANG_WARN_SUSPICIOUS_MOVE = YES;
				CLANG_WARN_UNGUARDED_AVAILABILITY = YES_AGGRESSIVE;
				CLANG_WARN_UNREACHABLE_CODE = YES;
				CLANG_WARN__DUPLICATE_METHOD_MATCH = YES;
				COPY_PHASE_STRIP = NO;
				DEAD_CODE_STRIPPING = YES;
				DEBUG_INFORMATION_FORMAT = dwarf;
				ENABLE_STRICT_OBJC_MSGSEND = YES;
				ENABLE_TESTABILITY = YES;
				GCC_C_LANGUAGE_STANDARD = gnu11;
				GCC_DYNAMIC_NO_PIC = NO;
				GCC_NO_COMMON_BLOCKS = YES;
				GCC_OPTIMIZATION_LEVEL = 0;
				GCC_PREPROCESSOR_DEFINITIONS = (
					"DEBUG=1",
					"$(inherited)",
				);
				GCC_WARN_64_TO_32_BIT_CONVERSION = YES;
				GCC_WARN_ABOUT_RETURN_TYPE = YES_ERROR;
				GCC_WARN_UNDECLARED_SELECTOR = YES;
				GCC_WARN_UNINITIALIZED_AUTOS = YES_AGGRESSIVE;
				GCC_WARN_UNUSED_FUNCTION = YES;
				GCC_WARN_UNUSED_VARIABLE = YES;
				MTL_ENABLE_DEBUG_INFO = YES;
				ONLY_ACTIVE_ARCH = YES;
				PRODUCT_NAME = "$(TARGET_NAME)";
			};
			name = Debug;
		};
/* End XCBuildConfiguration section */

/* Begin XCConfigurationList section */
		26B57D5F96290632B0503228 /* Build configuration list for PBXProject "CommonUI" */ = {
			isa = XCConfigurationList;
			buildConfigurations = (
				97D3BBAC2BAA043EAC284BF9 /* Debug */,
				2356568DA9065EA61F6C326C /* Release */,
			);
			defaultConfigurationIsVisible = 0;
			defaultConfigurationName = Release;
		};
		C1AED4BFC5CCF862DE9E868E /* Build configuration list for PBXNativeTarget "CommonUI" */ = {
			isa = XCConfigurationList;
			buildConfigurations = (
				80E77F13FB31D98A578B4C4D /* Debug */,
				0E4E1CF27F4999888314DD6E /* Release */,
			);
			defaultConfigurationIsVisible = 0;
			defaultConfigurationName = Release;
		};
/* End XCConfigurationList section */

/* Begin XCRemoteSwiftPackageReference section */
		0A1B8207C234F83819CFEE85 /* XCRemoteSwiftPackageReference "FlexLayout" */ = {
			isa = XCRemoteSwiftPackageReference;
			repositoryURL = "https://github.com/layoutBox/FlexLayout";
			requirement = {
				kind = exactVersion;
				version = 1.3.24;
			};
		};
		2392CCFF28DF085A145A5F28 /* XCRemoteSwiftPackageReference "Then" */ = {
			isa = XCRemoteSwiftPackageReference;
			repositoryURL = "https://github.com/devxoul/Then";
			requirement = {
				kind = exactVersion;
				version = 2.7.0;
			};
		};
		FD72C74FAD5CCE37549C7C9D /* XCRemoteSwiftPackageReference "PinLayout" */ = {
			isa = XCRemoteSwiftPackageReference;
			repositoryURL = "https://github.com/layoutBox/PinLayout";
			requirement = {
				kind = upToNextMajorVersion;
				minimumVersion = 1.0.0;
			};
		};
/* End XCRemoteSwiftPackageReference section */

/* Begin XCSwiftPackageProductDependency section */
		5B2370A8BB08E22DA85E65B0 /* Then */ = {
			isa = XCSwiftPackageProductDependency;
			productName = Then;
		};
		63E4D729D36EC9DD73DAA701 /* PinLayout */ = {
			isa = XCSwiftPackageProductDependency;
			productName = PinLayout;
		};
		D9FA417022B582608592510C /* FlexLayout */ = {
			isa = XCSwiftPackageProductDependency;
			productName = FlexLayout;
		};
/* End XCSwiftPackageProductDependency section */
	};
	rootObject = C67E63A1F9DE3A88CFB79F4C /* Project object */;
}
